{
  "version": 4,
  "terraform_version": "0.12.20",
  "serial": 445,
  "lineage": "a2ea9a50-7fa1-0c93-4034-15100a30319a",
  "outputs": {
    "block_cidr_vpc": {
      "value": "10.9.16.0/21",
      "type": "string"
    },
    "database_subnets": {
      "value": [
        "subnet-0ff2344f1a846deca",
        "subnet-032f51588e996de18"
      ],
      "type": [
        "tuple",
        [
          "string",
          "string"
        ]
      ]
    },
    "ecr": {
      "value": {
        "repository_arn": "arn:aws:ecr:ap-northeast-1:742437496662:repository/btc_sdx",
        "repository_id": "742437496662",
        "repository_name": "btc_sdx",
        "repository_url": "742437496662.dkr.ecr.ap-northeast-1.amazonaws.com/btc_sdx"
      },
      "type": [
        "object",
        {
          "repository_arn": "string",
          "repository_id": "string",
          "repository_name": "string",
          "repository_url": "string"
        }
      ]
    },
    "elasticache_subnets": {
      "value": [],
      "type": [
        "tuple",
        []
      ]
    },
    "intra_subnets": {
      "value": [],
      "type": [
        "tuple",
        []
      ]
    },
    "lb_arn": {
      "value": "arn:aws:elasticloadbalancing:eu-west-3:936645143561:loadbalancer/app/btv01-lb/24bceacecc5d57f1",
      "type": "string"
    },
    "lb_dns_name": {
      "value": "btv01-lb-754921678.eu-west-3.elb.amazonaws.com",
      "type": "string"
    },
    "lb_sg_arn": {
      "value": "arn:aws:elasticloadbalancing:eu-west-3:936645143561:loadbalancer/app/btv01-lb/24bceacecc5d57f1",
      "type": "string"
    },
    "nat_public_ips": {
      "value": [],
      "type": [
        "tuple",
        []
      ]
    },
    "private_subnets": {
      "value": [
        "subnet-0738c722c70588797",
        "subnet-0b85fd7f68f560512"
      ],
      "type": [
        "tuple",
        [
          "string",
          "string"
        ]
      ]
    },
    "public_subnets": {
      "value": [
        "subnet-0e74e48cc2993cf83",
        "subnet-09cbe93ac499be901"
      ],
      "type": [
        "tuple",
        [
          "string",
          "string"
        ]
      ]
    },
    "redshift_subnets": {
      "value": [],
      "type": [
        "tuple",
        []
      ]
    },
    "repository_url": {
      "value": "742437496662.dkr.ecr.ap-northeast-1.amazonaws.com/btc_sdx",
      "type": "string"
    },
    "vpc_endpoint_ssm_dns_entry": {
      "value": [],
      "type": [
        "tuple",
        []
      ]
    },
    "vpc_endpoint_ssm_id": {
      "value": "",
      "type": "string"
    },
    "vpc_endpoint_ssm_network_interface_ids": {
      "value": [],
      "type": [
        "tuple",
        []
      ]
    },
    "vpc_id": {
      "value": "vpc-0f842b3adcba79ed1",
      "type": "string"
    }
  },
  "resources": [
    {
      "mode": "data",
      "type": "aws_caller_identity",
      "name": "current",
      "provider": "provider.aws",
      "instances": [
        {
          "schema_version": 0,
          "attributes": {
            "account_id": "936645143561",
            "arn": "arn:aws:sts::936645143561:assumed-role/OrganizationAccountAccessRole/1586607371267728000",
            "id": "2020-04-11 12:16:12.912665 +0000 UTC",
            "user_id": "AROA5UFDGVQE4YHX4BTWY:1586607371267728000"
          }
        }
      ]
    },
    {
      "mode": "data",
      "type": "aws_cloudtrail_service_account",
      "name": "main",
      "provider": "provider.aws",
      "instances": [
        {
          "schema_version": 0,
          "attributes": {
            "arn": "arn:aws:iam::262312530599:root",
            "id": "262312530599",
            "region": null
          }
        }
      ]
    },
    {
      "module": "module.vpc",
      "mode": "data",
      "type": "aws_iam_policy_document",
      "name": "flow_log_cloudwatch_assume_role",
      "each": "list",
      "provider": "provider.aws",
      "instances": []
    },
    {
      "module": "module.vpc",
      "mode": "data",
      "type": "aws_iam_policy_document",
      "name": "vpc_flow_log_cloudwatch",
      "each": "list",
      "provider": "provider.aws",
      "instances": []
    },
    {
      "mode": "data",
      "type": "aws_security_group",
      "name": "default",
      "provider": "provider.aws",
      "instances": [
        {
          "schema_version": 0,
          "attributes": {
            "arn": "arn:aws:ec2:eu-west-3:936645143561:security-group/sg-7853bc14",
            "description": "default VPC security group",
            "filter": null,
            "id": "sg-7853bc14",
            "name": "default",
            "tags": {},
            "vpc_id": "vpc-af4a46c6"
          }
        }
      ]
    },
    {
      "mode": "data",
      "type": "aws_vpc",
      "name": "main",
      "provider": "provider.aws",
      "instances": [
        {
          "schema_version": 0,
          "attributes": {
            "arn": "arn:aws:ec2:eu-west-3:936645143561:vpc/vpc-af4a46c6",
            "cidr_block": "172.31.0.0/16",
            "cidr_block_associations": [
              {
                "association_id": "vpc-cidr-assoc-8b4fb8e3",
                "cidr_block": "172.31.0.0/16",
                "state": "associated"
              }
            ],
            "default": true,
            "dhcp_options_id": "dopt-a05b4ec9",
            "enable_dns_hostnames": true,
            "enable_dns_support": true,
            "filter": null,
            "id": "vpc-af4a46c6",
            "instance_tenancy": "default",
            "ipv6_association_id": null,
            "ipv6_cidr_block": null,
            "main_route_table_id": "rtb-822e33eb",
            "owner_id": "936645143561",
            "state": "available",
            "tags": {}
          }
        }
      ]
    },
    {
      "module": "module.vpc",
      "mode": "data",
      "type": "aws_vpc_endpoint_service",
      "name": "apigw",
      "each": "list",
      "provider": "provider.aws",
      "instances": []
    },
    {
      "module": "module.vpc",
      "mode": "data",
      "type": "aws_vpc_endpoint_service",
      "name": "appmesh_envoy_management",
      "each": "list",
      "provider": "provider.aws",
      "instances": []
    },
    {
      "module": "module.vpc",
      "mode": "data",
      "type": "aws_vpc_endpoint_service",
      "name": "appstream",
      "each": "list",
      "provider": "provider.aws",
      "instances": []
    },
    {
      "module": "module.vpc",
      "mode": "data",
      "type": "aws_vpc_endpoint_service",
      "name": "athena",
      "each": "list",
      "provider": "provider.aws",
      "instances": []
    },
    {
      "module": "module.vpc",
      "mode": "data",
      "type": "aws_vpc_endpoint_service",
      "name": "cloud_directory",
      "each": "list",
      "provider": "provider.aws",
      "instances": []
    },
    {
      "module": "module.vpc",
      "mode": "data",
      "type": "aws_vpc_endpoint_service",
      "name": "cloudformation",
      "each": "list",
      "provider": "provider.aws",
      "instances": []
    },
    {
      "module": "module.vpc",
      "mode": "data",
      "type": "aws_vpc_endpoint_service",
      "name": "cloudtrail",
      "each": "list",
      "provider": "provider.aws",
      "instances": []
    },
    {
      "module": "module.vpc",
      "mode": "data",
      "type": "aws_vpc_endpoint_service",
      "name": "codebuild",
      "each": "list",
      "provider": "provider.aws",
      "instances": []
    },
    {
      "module": "module.vpc",
      "mode": "data",
      "type": "aws_vpc_endpoint_service",
      "name": "codecommit",
      "each": "list",
      "provider": "provider.aws",
      "instances": []
    },
    {
      "module": "module.vpc",
      "mode": "data",
      "type": "aws_vpc_endpoint_service",
      "name": "codepipeline",
      "each": "list",
      "provider": "provider.aws",
      "instances": []
    },
    {
      "module": "module.vpc",
      "mode": "data",
      "type": "aws_vpc_endpoint_service",
      "name": "config",
      "each": "list",
      "provider": "provider.aws",
      "instances": []
    },
    {
      "module": "module.vpc",
      "mode": "data",
      "type": "aws_vpc_endpoint_service",
      "name": "dynamodb",
      "each": "list",
      "provider": "provider.aws",
      "instances": []
    },
    {
      "module": "module.vpc",
      "mode": "data",
      "type": "aws_vpc_endpoint_service",
      "name": "ec2",
      "each": "list",
      "provider": "provider.aws",
      "instances": []
    },
    {
      "module": "module.vpc",
      "mode": "data",
      "type": "aws_vpc_endpoint_service",
      "name": "ec2messages",
      "each": "list",
      "provider": "provider.aws",
      "instances": []
    },
    {
      "module": "module.vpc",
      "mode": "data",
      "type": "aws_vpc_endpoint_service",
      "name": "ecr_api",
      "each": "list",
      "provider": "provider.aws",
      "instances": []
    },
    {
      "module": "module.vpc",
      "mode": "data",
      "type": "aws_vpc_endpoint_service",
      "name": "ecr_dkr",
      "each": "list",
      "provider": "provider.aws",
      "instances": []
    },
    {
      "module": "module.vpc",
      "mode": "data",
      "type": "aws_vpc_endpoint_service",
      "name": "ecs",
      "each": "list",
      "provider": "provider.aws",
      "instances": []
    },
    {
      "module": "module.vpc",
      "mode": "data",
      "type": "aws_vpc_endpoint_service",
      "name": "ecs_agent",
      "each": "list",
      "provider": "provider.aws",
      "instances": []
    },
    {
      "module": "module.vpc",
      "mode": "data",
      "type": "aws_vpc_endpoint_service",
      "name": "ecs_telemetry",
      "each": "list",
      "provider": "provider.aws",
      "instances": []
    },
    {
      "module": "module.vpc",
      "mode": "data",
      "type": "aws_vpc_endpoint_service",
      "name": "efs",
      "each": "list",
      "provider": "provider.aws",
      "instances": []
    },
    {
      "module": "module.vpc",
      "mode": "data",
      "type": "aws_vpc_endpoint_service",
      "name": "elasticloadbalancing",
      "each": "list",
      "provider": "provider.aws",
      "instances": []
    },
    {
      "module": "module.vpc",
      "mode": "data",
      "type": "aws_vpc_endpoint_service",
      "name": "events",
      "each": "list",
      "provider": "provider.aws",
      "instances": []
    },
    {
      "module": "module.vpc",
      "mode": "data",
      "type": "aws_vpc_endpoint_service",
      "name": "git_codecommit",
      "each": "list",
      "provider": "provider.aws",
      "instances": []
    },
    {
      "module": "module.vpc",
      "mode": "data",
      "type": "aws_vpc_endpoint_service",
      "name": "glue",
      "each": "list",
      "provider": "provider.aws",
      "instances": []
    },
    {
      "module": "module.vpc",
      "mode": "data",
      "type": "aws_vpc_endpoint_service",
      "name": "kinesis_firehose",
      "each": "list",
      "provider": "provider.aws",
      "instances": []
    },
    {
      "module": "module.vpc",
      "mode": "data",
      "type": "aws_vpc_endpoint_service",
      "name": "kinesis_streams",
      "each": "list",
      "provider": "provider.aws",
      "instances": []
    },
    {
      "module": "module.vpc",
      "mode": "data",
      "type": "aws_vpc_endpoint_service",
      "name": "kms",
      "each": "list",
      "provider": "provider.aws",
      "instances": []
    },
    {
      "module": "module.vpc",
      "mode": "data",
      "type": "aws_vpc_endpoint_service",
      "name": "logs",
      "each": "list",
      "provider": "provider.aws",
      "instances": []
    },
    {
      "module": "module.vpc",
      "mode": "data",
      "type": "aws_vpc_endpoint_service",
      "name": "monitoring",
      "each": "list",
      "provider": "provider.aws",
      "instances": []
    },
    {
      "module": "module.vpc",
      "mode": "data",
      "type": "aws_vpc_endpoint_service",
      "name": "rekognition",
      "each": "list",
      "provider": "provider.aws",
      "instances": []
    },
    {
      "module": "module.vpc",
      "mode": "data",
      "type": "aws_vpc_endpoint_service",
      "name": "s3",
      "each": "list",
      "provider": "provider.aws",
      "instances": []
    },
    {
      "module": "module.vpc",
      "mode": "data",
      "type": "aws_vpc_endpoint_service",
      "name": "sagemaker_api",
      "each": "list",
      "provider": "provider.aws",
      "instances": []
    },
    {
      "module": "module.vpc",
      "mode": "data",
      "type": "aws_vpc_endpoint_service",
      "name": "sagemaker_notebook",
      "each": "list",
      "provider": "provider.aws",
      "instances": []
    },
    {
      "module": "module.vpc",
      "mode": "data",
      "type": "aws_vpc_endpoint_service",
      "name": "sagemaker_runtime",
      "each": "list",
      "provider": "provider.aws",
      "instances": []
    },
    {
      "module": "module.vpc",
      "mode": "data",
      "type": "aws_vpc_endpoint_service",
      "name": "secretsmanager",
      "each": "list",
      "provider": "provider.aws",
      "instances": []
    },
    {
      "module": "module.vpc",
      "mode": "data",
      "type": "aws_vpc_endpoint_service",
      "name": "servicecatalog",
      "each": "list",
      "provider": "provider.aws",
      "instances": []
    },
    {
      "module": "module.vpc",
      "mode": "data",
      "type": "aws_vpc_endpoint_service",
      "name": "sns",
      "each": "list",
      "provider": "provider.aws",
      "instances": []
    },
    {
      "module": "module.vpc",
      "mode": "data",
      "type": "aws_vpc_endpoint_service",
      "name": "sqs",
      "each": "list",
      "provider": "provider.aws",
      "instances": []
    },
    {
      "module": "module.vpc",
      "mode": "data",
      "type": "aws_vpc_endpoint_service",
      "name": "ssm",
      "each": "list",
      "provider": "provider.aws",
      "instances": []
    },
    {
      "module": "module.vpc",
      "mode": "data",
      "type": "aws_vpc_endpoint_service",
      "name": "ssmmessages",
      "each": "list",
      "provider": "provider.aws",
      "instances": []
    },
    {
      "module": "module.vpc",
      "mode": "data",
      "type": "aws_vpc_endpoint_service",
      "name": "storagegateway",
      "each": "list",
      "provider": "provider.aws",
      "instances": []
    },
    {
      "module": "module.vpc",
      "mode": "data",
      "type": "aws_vpc_endpoint_service",
      "name": "sts",
      "each": "list",
      "provider": "provider.aws",
      "instances": []
    },
    {
      "module": "module.vpc",
      "mode": "data",
      "type": "aws_vpc_endpoint_service",
      "name": "transfer",
      "each": "list",
      "provider": "provider.aws",
      "instances": []
    },
    {
      "module": "module.vpc",
      "mode": "data",
      "type": "aws_vpc_endpoint_service",
      "name": "transferserver",
      "each": "list",
      "provider": "provider.aws",
      "instances": []
    },
    {
      "module": "module.ecr",
      "mode": "data",
      "type": "template_file",
      "name": "lifecycle_policy",
      "provider": "provider.template",
      "instances": [
        {
          "schema_version": 0,
          "attributes": {
            "filename": null,
            "id": "30897319df7b2c54fc0c33898991739215a4e4c89bbab38a709e174931171d9e",
            "rendered": "{\n    \"rules\": [\n        {\n            \"rulePriority\": 10,\n            \"description\": \"No expire latest tag \",\n            \"selection\": {\n                \"tagStatus\": \"tagged\",\n                \"tagPrefixList\": [\"latest\"],\n                \"countType\": \"imageCountMoreThan\",\n                \"countNumber\": 99999\n            },\n            \"action\": {\n                \"type\": \"expire\"\n            }\n        },\n        {\n            \"rulePriority\": 20,\n            \"description\": \"No expire version tag\",\n            \"selection\": {\n                \"tagStatus\": \"tagged\",\n                \"tagPrefixList\": [\"v0\"],\n                \"countType\": \"imageCountMoreThan\",\n                \"countNumber\": 99999\n            },\n            \"action\": {\n                \"type\": \"expire\"\n            }\n        },\n        {\n            \"rulePriority\": 21,\n            \"description\": \"No expire version tag\",\n            \"selection\": {\n                \"tagStatus\": \"tagged\",\n                \"tagPrefixList\": [\"v1\"],\n                \"countType\": \"imageCountMoreThan\",\n                \"countNumber\": 99999\n            },\n            \"action\": {\n                \"type\": \"expire\"\n            }\n        },\n        {\n            \"rulePriority\": 22,\n            \"description\": \"No expire version tag\",\n            \"selection\": {\n                \"tagStatus\": \"tagged\",\n                \"tagPrefixList\": [\"v2\"],\n                \"countType\": \"imageCountMoreThan\",\n                \"countNumber\": 99999\n            },\n            \"action\": {\n                \"type\": \"expire\"\n            }\n        },\n        {\n            \"rulePriority\": 23,\n            \"description\": \"No expire version tag\",\n            \"selection\": {\n                \"tagStatus\": \"tagged\",\n                \"tagPrefixList\": [\"v3\"],\n                \"countType\": \"imageCountMoreThan\",\n                \"countNumber\": 99999\n            },\n            \"action\": {\n                \"type\": \"expire\"\n            }\n        },\n        {\n            \"rulePriority\": 24,\n            \"description\": \"No expire version tag\",\n            \"selection\": {\n                \"tagStatus\": \"tagged\",\n                \"tagPrefixList\": [\"v4\"],\n                \"countType\": \"imageCountMoreThan\",\n                \"countNumber\": 99999\n            },\n            \"action\": {\n                \"type\": \"expire\"\n            }\n        },\n        {\n            \"rulePriority\": 25,\n            \"description\": \"No expire version tag\",\n            \"selection\": {\n                \"tagStatus\": \"tagged\",\n                \"tagPrefixList\": [\"v5\"],\n                \"countType\": \"imageCountMoreThan\",\n                \"countNumber\": 99999\n            },\n            \"action\": {\n                \"type\": \"expire\"\n            }\n        },\n        {\n            \"rulePriority\": 26,\n            \"description\": \"No expire version tag\",\n            \"selection\": {\n                \"tagStatus\": \"tagged\",\n                \"tagPrefixList\": [\"v6\"],\n                \"countType\": \"imageCountMoreThan\",\n                \"countNumber\": 99999\n            },\n            \"action\": {\n                \"type\": \"expire\"\n            }\n        },\n        {\n            \"rulePriority\": 27,\n            \"description\": \"No expire version tag\",\n            \"selection\": {\n                \"tagStatus\": \"tagged\",\n                \"tagPrefixList\": [\"v7\"],\n                \"countType\": \"imageCountMoreThan\",\n                \"countNumber\": 99999\n            },\n            \"action\": {\n                \"type\": \"expire\"\n            }\n        },\n        {\n            \"rulePriority\": 28,\n            \"description\": \"No expire version tag\",\n            \"selection\": {\n                \"tagStatus\": \"tagged\",\n                \"tagPrefixList\": [\"v8\"],\n                \"countType\": \"imageCountMoreThan\",\n                \"countNumber\": 99999\n            },\n            \"action\": {\n                \"type\": \"expire\"\n            }\n        },\n        {\n            \"rulePriority\": 29,\n            \"description\": \"No expire version tag\",\n            \"selection\": {\n                \"tagStatus\": \"tagged\",\n                \"tagPrefixList\": [\"v9\"],\n                \"countType\": \"imageCountMoreThan\",\n                \"countNumber\": 99999\n            },\n            \"action\": {\n                \"type\": \"expire\"\n            }\n        },\n        {\n            \"rulePriority\": 30,\n            \"description\": \"Expire images older than 14 days\",\n            \"selection\": {\n                \"tagStatus\": \"any\",\n                \"countType\": \"sinceImagePushed\",\n                \"countUnit\": \"days\",\n                \"countNumber\": 14\n            },\n            \"action\": {\n                \"type\": \"expire\"\n            }\n        }\n\n    ]\n}\n",
            "template": "{\n    \"rules\": [\n        {\n            \"rulePriority\": 10,\n            \"description\": \"No expire latest tag \",\n            \"selection\": {\n                \"tagStatus\": \"tagged\",\n                \"tagPrefixList\": [\"latest\"],\n                \"countType\": \"imageCountMoreThan\",\n                \"countNumber\": 99999\n            },\n            \"action\": {\n                \"type\": \"expire\"\n            }\n        },\n        {\n            \"rulePriority\": 20,\n            \"description\": \"No expire version tag\",\n            \"selection\": {\n                \"tagStatus\": \"tagged\",\n                \"tagPrefixList\": [\"v0\"],\n                \"countType\": \"imageCountMoreThan\",\n                \"countNumber\": 99999\n            },\n            \"action\": {\n                \"type\": \"expire\"\n            }\n        },\n        {\n            \"rulePriority\": 21,\n            \"description\": \"No expire version tag\",\n            \"selection\": {\n                \"tagStatus\": \"tagged\",\n                \"tagPrefixList\": [\"v1\"],\n                \"countType\": \"imageCountMoreThan\",\n                \"countNumber\": 99999\n            },\n            \"action\": {\n                \"type\": \"expire\"\n            }\n        },\n        {\n            \"rulePriority\": 22,\n            \"description\": \"No expire version tag\",\n            \"selection\": {\n                \"tagStatus\": \"tagged\",\n                \"tagPrefixList\": [\"v2\"],\n                \"countType\": \"imageCountMoreThan\",\n                \"countNumber\": 99999\n            },\n            \"action\": {\n                \"type\": \"expire\"\n            }\n        },\n        {\n            \"rulePriority\": 23,\n            \"description\": \"No expire version tag\",\n            \"selection\": {\n                \"tagStatus\": \"tagged\",\n                \"tagPrefixList\": [\"v3\"],\n                \"countType\": \"imageCountMoreThan\",\n                \"countNumber\": 99999\n            },\n            \"action\": {\n                \"type\": \"expire\"\n            }\n        },\n        {\n            \"rulePriority\": 24,\n            \"description\": \"No expire version tag\",\n            \"selection\": {\n                \"tagStatus\": \"tagged\",\n                \"tagPrefixList\": [\"v4\"],\n                \"countType\": \"imageCountMoreThan\",\n                \"countNumber\": 99999\n            },\n            \"action\": {\n                \"type\": \"expire\"\n            }\n        },\n        {\n            \"rulePriority\": 25,\n            \"description\": \"No expire version tag\",\n            \"selection\": {\n                \"tagStatus\": \"tagged\",\n                \"tagPrefixList\": [\"v5\"],\n                \"countType\": \"imageCountMoreThan\",\n                \"countNumber\": 99999\n            },\n            \"action\": {\n                \"type\": \"expire\"\n            }\n        },\n        {\n            \"rulePriority\": 26,\n            \"description\": \"No expire version tag\",\n            \"selection\": {\n                \"tagStatus\": \"tagged\",\n                \"tagPrefixList\": [\"v6\"],\n                \"countType\": \"imageCountMoreThan\",\n                \"countNumber\": 99999\n            },\n            \"action\": {\n                \"type\": \"expire\"\n            }\n        },\n        {\n            \"rulePriority\": 27,\n            \"description\": \"No expire version tag\",\n            \"selection\": {\n                \"tagStatus\": \"tagged\",\n                \"tagPrefixList\": [\"v7\"],\n                \"countType\": \"imageCountMoreThan\",\n                \"countNumber\": 99999\n            },\n            \"action\": {\n                \"type\": \"expire\"\n            }\n        },\n        {\n            \"rulePriority\": 28,\n            \"description\": \"No expire version tag\",\n            \"selection\": {\n                \"tagStatus\": \"tagged\",\n                \"tagPrefixList\": [\"v8\"],\n                \"countType\": \"imageCountMoreThan\",\n                \"countNumber\": 99999\n            },\n            \"action\": {\n                \"type\": \"expire\"\n            }\n        },\n        {\n            \"rulePriority\": 29,\n            \"description\": \"No expire version tag\",\n            \"selection\": {\n                \"tagStatus\": \"tagged\",\n                \"tagPrefixList\": [\"v9\"],\n                \"countType\": \"imageCountMoreThan\",\n                \"countNumber\": 99999\n            },\n            \"action\": {\n                \"type\": \"expire\"\n            }\n        },\n        {\n            \"rulePriority\": 30,\n            \"description\": \"Expire images older than ${period} days\",\n            \"selection\": {\n                \"tagStatus\": \"any\",\n                \"countType\": \"sinceImagePushed\",\n                \"countUnit\": \"days\",\n                \"countNumber\": ${period}\n            },\n            \"action\": {\n                \"type\": \"expire\"\n            }\n        }\n\n    ]\n}\n",
            "vars": {
              "period": "14"
            }
          }
        }
      ]
    },
    {
      "module": "module.ecs-fargate-service",
      "mode": "managed",
      "type": "aws_appautoscaling_policy",
      "name": "scale_down_policy",
      "provider": "module.ecs-fargate-service.provider.aws",
      "instances": [
        {
          "schema_version": 0,
          "attributes": {
            "adjustment_type": null,
            "arn": "arn:aws:autoscaling:eu-west-3:936645143561:scalingPolicy:d0421ba6-31f1-4cd9-9893-cb748af3dc95:resource/ecs/service/btv01/btv01-service:policyName/btv01-scale-down-policy",
            "cooldown": null,
            "id": "btv01-scale-down-policy",
            "metric_aggregation_type": null,
            "min_adjustment_magnitude": null,
            "name": "btv01-scale-down-policy",
            "policy_type": "StepScaling",
            "resource_id": "service/btv01/btv01-service",
            "scalable_dimension": "ecs:service:DesiredCount",
            "service_namespace": "ecs",
            "step_adjustment": [],
            "step_scaling_policy_configuration": [
              {
                "adjustment_type": "ChangeInCapacity",
                "cooldown": 60,
                "metric_aggregation_type": "Maximum",
                "min_adjustment_magnitude": 0,
                "step_adjustment": [
                  {
                    "metric_interval_lower_bound": "0",
                    "metric_interval_upper_bound": "",
                    "scaling_adjustment": -1
                  }
                ]
              }
            ],
            "target_tracking_scaling_policy_configuration": []
          },
          "private": "bnVsbA==",
          "dependencies": [
            "module.ecs-cluster.aws_ecs_cluster.cluster",
            "module.ecs-fargate-service.aws_appautoscaling_target.scale_target",
            "module.ecs-fargate-service.aws_ecs_service.service",
            "module.ecs-fargate-service.aws_iam_role.ecs_autoscale_role",
            "module.ecs-fargate-service.aws_lb.lb",
            "module.ecs-fargate-service.aws_lb_listener.listener",
            "module.ecs-fargate-service.aws_lb_target_group.lb_tg",
            "module.ecs-fargate-service.aws_security_group.ecs_tasks_sg",
            "module.ecs-fargate-service.aws_security_group.lb_sg",
            "module.td.aws_ecs_task_definition.td",
            "module.td.aws_iam_role.ecs_task_execution_role",
            "module.vpc.aws_subnet.private",
            "module.vpc.aws_subnet.public",
            "module.vpc.aws_vpc.this",
            "module.vpc.aws_vpc_ipv4_cidr_block_association.this"
          ]
        }
      ]
    },
    {
      "module": "module.ecs-fargate-service",
      "mode": "managed",
      "type": "aws_appautoscaling_policy",
      "name": "scale_up_policy",
      "provider": "module.ecs-fargate-service.provider.aws",
      "instances": [
        {
          "schema_version": 0,
          "attributes": {
            "adjustment_type": null,
            "arn": "arn:aws:autoscaling:eu-west-3:936645143561:scalingPolicy:d0421ba6-31f1-4cd9-9893-cb748af3dc95:resource/ecs/service/btv01/btv01-service:policyName/btv01-scale-up-policy",
            "cooldown": null,
            "id": "btv01-scale-up-policy",
            "metric_aggregation_type": null,
            "min_adjustment_magnitude": null,
            "name": "btv01-scale-up-policy",
            "policy_type": "StepScaling",
            "resource_id": "service/btv01/btv01-service",
            "scalable_dimension": "ecs:service:DesiredCount",
            "service_namespace": "ecs",
            "step_adjustment": [],
            "step_scaling_policy_configuration": [
              {
                "adjustment_type": "ChangeInCapacity",
                "cooldown": 60,
                "metric_aggregation_type": "Maximum",
                "min_adjustment_magnitude": 0,
                "step_adjustment": [
                  {
                    "metric_interval_lower_bound": "0",
                    "metric_interval_upper_bound": "",
                    "scaling_adjustment": 1
                  }
                ]
              }
            ],
            "target_tracking_scaling_policy_configuration": []
          },
          "private": "bnVsbA==",
          "dependencies": [
            "module.ecs-cluster.aws_ecs_cluster.cluster",
            "module.ecs-fargate-service.aws_appautoscaling_target.scale_target",
            "module.ecs-fargate-service.aws_ecs_service.service",
            "module.ecs-fargate-service.aws_iam_role.ecs_autoscale_role",
            "module.ecs-fargate-service.aws_lb.lb",
            "module.ecs-fargate-service.aws_lb_listener.listener",
            "module.ecs-fargate-service.aws_lb_target_group.lb_tg",
            "module.ecs-fargate-service.aws_security_group.ecs_tasks_sg",
            "module.ecs-fargate-service.aws_security_group.lb_sg",
            "module.td.aws_ecs_task_definition.td",
            "module.td.aws_iam_role.ecs_task_execution_role",
            "module.vpc.aws_subnet.private",
            "module.vpc.aws_subnet.public",
            "module.vpc.aws_vpc.this",
            "module.vpc.aws_vpc_ipv4_cidr_block_association.this"
          ]
        }
      ]
    },
    {
      "module": "module.ecs-fargate-service",
      "mode": "managed",
      "type": "aws_appautoscaling_target",
      "name": "scale_target",
      "provider": "module.ecs-fargate-service.provider.aws",
      "instances": [
        {
          "schema_version": 0,
          "attributes": {
            "id": "service/btv01/btv01-service",
            "max_capacity": 5,
            "min_capacity": 1,
            "resource_id": "service/btv01/btv01-service",
            "role_arn": "arn:aws:iam::936645143561:role/aws-service-role/ecs.application-autoscaling.amazonaws.com/AWSServiceRoleForApplicationAutoScaling_ECSService",
            "scalable_dimension": "ecs:service:DesiredCount",
            "service_namespace": "ecs"
          },
          "private": "bnVsbA==",
          "dependencies": [
            "module.ecs-cluster.aws_ecs_cluster.cluster",
            "module.ecs-fargate-service.aws_ecs_service.service",
            "module.ecs-fargate-service.aws_iam_role.ecs_autoscale_role",
            "module.ecs-fargate-service.aws_lb_listener.listener",
            "module.ecs-fargate-service.aws_lb_target_group.lb_tg",
            "module.ecs-fargate-service.aws_security_group.ecs_tasks_sg",
            "module.td.aws_ecs_task_definition.td",
            "module.td.aws_iam_role.ecs_task_execution_role",
            "module.vpc.aws_subnet.private"
          ]
        }
      ]
    },
    {
      "mode": "managed",
      "type": "aws_cloudwatch_log_group",
      "name": "ecs",
      "provider": "provider.aws",
      "instances": [
        {
          "schema_version": 0,
          "attributes": {
            "arn": "arn:aws:logs:eu-west-3:936645143561:log-group:/ecs/service/btv01:*",
            "id": "/ecs/service/btv01",
            "kms_key_id": "",
            "name": "/ecs/service/btv01",
            "name_prefix": null,
            "retention_in_days": 0,
            "tags": {}
          },
          "private": "bnVsbA=="
        }
      ]
    },
    {
      "module": "module.vpc",
      "mode": "managed",
      "type": "aws_cloudwatch_log_group",
      "name": "flow_log",
      "each": "list",
      "provider": "provider.aws",
      "instances": []
    },
    {
      "module": "module.ecs-fargate-service",
      "mode": "managed",
      "type": "aws_cloudwatch_metric_alarm",
      "name": "cpu_high",
      "provider": "module.ecs-fargate-service.provider.aws",
      "instances": [
        {
          "schema_version": 1,
          "attributes": {
            "actions_enabled": true,
            "alarm_actions": [
              "arn:aws:autoscaling:eu-west-3:936645143561:scalingPolicy:d0421ba6-31f1-4cd9-9893-cb748af3dc95:resource/ecs/service/btv01/btv01-service:policyName/btv01-scale-up-policy"
            ],
            "alarm_description": "",
            "alarm_name": "btv01-cpu-high",
            "arn": "arn:aws:cloudwatch:eu-west-3:936645143561:alarm:btv01-cpu-high",
            "comparison_operator": "GreaterThanOrEqualToThreshold",
            "datapoints_to_alarm": 0,
            "dimensions": {
              "ClusterName": "btv01",
              "ServiceName": "btv01-service"
            },
            "evaluate_low_sample_count_percentiles": "",
            "evaluation_periods": 3,
            "extended_statistic": "",
            "id": "btv01-cpu-high",
            "insufficient_data_actions": [],
            "metric_name": "CPUUtilization",
            "metric_query": [],
            "namespace": "AWS/ECS",
            "ok_actions": [],
            "period": 60,
            "statistic": "Maximum",
            "tags": {},
            "threshold": 85,
            "threshold_metric_id": "",
            "treat_missing_data": "missing",
            "unit": ""
          },
          "private": "eyJzY2hlbWFfdmVyc2lvbiI6IjEifQ==",
          "dependencies": [
            "module.ecs-cluster.aws_ecs_cluster.cluster",
            "module.ecs-fargate-service.aws_appautoscaling_policy.scale_up_policy",
            "module.ecs-fargate-service.aws_appautoscaling_target.scale_target",
            "module.ecs-fargate-service.aws_ecs_service.service",
            "module.ecs-fargate-service.aws_iam_role.ecs_autoscale_role",
            "module.ecs-fargate-service.aws_lb.lb",
            "module.ecs-fargate-service.aws_lb_listener.listener",
            "module.ecs-fargate-service.aws_lb_target_group.lb_tg",
            "module.ecs-fargate-service.aws_security_group.ecs_tasks_sg",
            "module.ecs-fargate-service.aws_security_group.lb_sg",
            "module.td.aws_ecs_task_definition.td",
            "module.td.aws_iam_role.ecs_task_execution_role",
            "module.vpc.aws_subnet.private",
            "module.vpc.aws_subnet.public",
            "module.vpc.aws_vpc.this",
            "module.vpc.aws_vpc_ipv4_cidr_block_association.this"
          ]
        }
      ]
    },
    {
      "module": "module.ecs-fargate-service",
      "mode": "managed",
      "type": "aws_cloudwatch_metric_alarm",
      "name": "cpu_low",
      "provider": "module.ecs-fargate-service.provider.aws",
      "instances": [
        {
          "schema_version": 1,
          "attributes": {
            "actions_enabled": true,
            "alarm_actions": [
              "arn:aws:autoscaling:eu-west-3:936645143561:scalingPolicy:d0421ba6-31f1-4cd9-9893-cb748af3dc95:resource/ecs/service/btv01/btv01-service:policyName/btv01-scale-down-policy"
            ],
            "alarm_description": "",
            "alarm_name": "btv01-cpu-low",
            "arn": "arn:aws:cloudwatch:eu-west-3:936645143561:alarm:btv01-cpu-low",
            "comparison_operator": "LessThanOrEqualToThreshold",
            "datapoints_to_alarm": 0,
            "dimensions": {
              "ClusterName": "btv01",
              "ServiceName": "btv01-service"
            },
            "evaluate_low_sample_count_percentiles": "",
            "evaluation_periods": 3,
            "extended_statistic": "",
            "id": "btv01-cpu-low",
            "insufficient_data_actions": [],
            "metric_name": "CPUUtilization",
            "metric_query": [],
            "namespace": "AWS/ECS",
            "ok_actions": [],
            "period": 60,
            "statistic": "Average",
            "tags": {},
            "threshold": 10,
            "threshold_metric_id": "",
            "treat_missing_data": "missing",
            "unit": ""
          },
          "private": "eyJzY2hlbWFfdmVyc2lvbiI6IjEifQ==",
          "dependencies": [
            "module.ecs-cluster.aws_ecs_cluster.cluster",
            "module.ecs-fargate-service.aws_appautoscaling_policy.scale_down_policy",
            "module.ecs-fargate-service.aws_appautoscaling_target.scale_target",
            "module.ecs-fargate-service.aws_ecs_service.service",
            "module.ecs-fargate-service.aws_iam_role.ecs_autoscale_role",
            "module.ecs-fargate-service.aws_lb.lb",
            "module.ecs-fargate-service.aws_lb_listener.listener",
            "module.ecs-fargate-service.aws_lb_target_group.lb_tg",
            "module.ecs-fargate-service.aws_security_group.ecs_tasks_sg",
            "module.ecs-fargate-service.aws_security_group.lb_sg",
            "module.td.aws_ecs_task_definition.td",
            "module.td.aws_iam_role.ecs_task_execution_role",
            "module.vpc.aws_subnet.private",
            "module.vpc.aws_subnet.public",
            "module.vpc.aws_vpc.this",
            "module.vpc.aws_vpc_ipv4_cidr_block_association.this"
          ]
        }
      ]
    },
    {
      "module": "module.vpc",
      "mode": "managed",
      "type": "aws_customer_gateway",
      "name": "this",
      "each": "map",
      "provider": "provider.aws",
      "instances": []
    },
    {
      "module": "module.vpc",
      "mode": "managed",
      "type": "aws_db_subnet_group",
      "name": "database",
      "each": "list",
      "provider": "provider.aws",
      "instances": [
        {
          "index_key": 0,
          "schema_version": 0,
          "attributes": {
            "arn": "arn:aws:rds:eu-west-3:936645143561:subgrp:btv01-gbi-gen-sdx-ew3-vpc",
            "description": "Database subnet group for btv01-gbi-gen-sdx-ew3-vpc",
            "id": "btv01-gbi-gen-sdx-ew3-vpc",
            "name": "btv01-gbi-gen-sdx-ew3-vpc",
            "name_prefix": null,
            "subnet_ids": [
              "subnet-032f51588e996de18",
              "subnet-0ff2344f1a846deca"
            ],
            "tags": {
              "AppRole": "generic_app",
              "Env": "sdx",
              "ManagedBy": "Devopsteam",
              "Name": "btv01-gbi-gen-sdx-ew3-vpc",
              "Owner": "Devopsteam",
              "Project": "gen"
            }
          },
          "private": "bnVsbA==",
          "dependencies": [
            "module.vpc.aws_subnet.database",
            "module.vpc.aws_vpc.this",
            "module.vpc.aws_vpc_ipv4_cidr_block_association.this"
          ]
        }
      ]
    },
    {
      "module": "module.vpc",
      "mode": "managed",
      "type": "aws_default_network_acl",
      "name": "this",
      "each": "list",
      "provider": "provider.aws",
      "instances": []
    },
    {
      "module": "module.vpc",
      "mode": "managed",
      "type": "aws_default_vpc",
      "name": "this",
      "each": "list",
      "provider": "provider.aws",
      "instances": []
    },
    {
      "module": "module.ecr",
      "mode": "managed",
      "type": "aws_ecr_lifecycle_policy",
      "name": "main",
      "provider": "module.ecr.provider.aws",
      "instances": [
        {
          "schema_version": 0,
          "attributes": {
            "id": "btc_sdx",
            "policy": "{\"rules\":[{\"rulePriority\":10,\"description\":\"No expire latest tag \",\"selection\":{\"tagStatus\":\"tagged\",\"tagPrefixList\":[\"latest\"],\"countType\":\"imageCountMoreThan\",\"countNumber\":99999},\"action\":{\"type\":\"expire\"}},{\"rulePriority\":20,\"description\":\"No expire version tag\",\"selection\":{\"tagStatus\":\"tagged\",\"tagPrefixList\":[\"v0\"],\"countType\":\"imageCountMoreThan\",\"countNumber\":99999},\"action\":{\"type\":\"expire\"}},{\"rulePriority\":21,\"description\":\"No expire version tag\",\"selection\":{\"tagStatus\":\"tagged\",\"tagPrefixList\":[\"v1\"],\"countType\":\"imageCountMoreThan\",\"countNumber\":99999},\"action\":{\"type\":\"expire\"}},{\"rulePriority\":22,\"description\":\"No expire version tag\",\"selection\":{\"tagStatus\":\"tagged\",\"tagPrefixList\":[\"v2\"],\"countType\":\"imageCountMoreThan\",\"countNumber\":99999},\"action\":{\"type\":\"expire\"}},{\"rulePriority\":23,\"description\":\"No expire version tag\",\"selection\":{\"tagStatus\":\"tagged\",\"tagPrefixList\":[\"v3\"],\"countType\":\"imageCountMoreThan\",\"countNumber\":99999},\"action\":{\"type\":\"expire\"}},{\"rulePriority\":24,\"description\":\"No expire version tag\",\"selection\":{\"tagStatus\":\"tagged\",\"tagPrefixList\":[\"v4\"],\"countType\":\"imageCountMoreThan\",\"countNumber\":99999},\"action\":{\"type\":\"expire\"}},{\"rulePriority\":25,\"description\":\"No expire version tag\",\"selection\":{\"tagStatus\":\"tagged\",\"tagPrefixList\":[\"v5\"],\"countType\":\"imageCountMoreThan\",\"countNumber\":99999},\"action\":{\"type\":\"expire\"}},{\"rulePriority\":26,\"description\":\"No expire version tag\",\"selection\":{\"tagStatus\":\"tagged\",\"tagPrefixList\":[\"v6\"],\"countType\":\"imageCountMoreThan\",\"countNumber\":99999},\"action\":{\"type\":\"expire\"}},{\"rulePriority\":27,\"description\":\"No expire version tag\",\"selection\":{\"tagStatus\":\"tagged\",\"tagPrefixList\":[\"v7\"],\"countType\":\"imageCountMoreThan\",\"countNumber\":99999},\"action\":{\"type\":\"expire\"}},{\"rulePriority\":28,\"description\":\"No expire version tag\",\"selection\":{\"tagStatus\":\"tagged\",\"tagPrefixList\":[\"v8\"],\"countType\":\"imageCountMoreThan\",\"countNumber\":99999},\"action\":{\"type\":\"expire\"}},{\"rulePriority\":29,\"description\":\"No expire version tag\",\"selection\":{\"tagStatus\":\"tagged\",\"tagPrefixList\":[\"v9\"],\"countType\":\"imageCountMoreThan\",\"countNumber\":99999},\"action\":{\"type\":\"expire\"}},{\"rulePriority\":30,\"description\":\"Expire images older than 14 days\",\"selection\":{\"tagStatus\":\"any\",\"countType\":\"sinceImagePushed\",\"countUnit\":\"days\",\"countNumber\":14},\"action\":{\"type\":\"expire\"}}]}",
            "registry_id": "742437496662",
            "repository": "btc_sdx"
          },
          "private": "bnVsbA==",
          "dependencies": [
            "module.ecr.aws_ecr_repository.main"
          ]
        }
      ]
    },
    {
      "module": "module.ecr",
      "mode": "managed",
      "type": "aws_ecr_repository",
      "name": "main",
      "provider": "module.ecr.provider.aws",
      "instances": [
        {
          "schema_version": 0,
          "attributes": {
            "arn": "arn:aws:ecr:ap-northeast-1:742437496662:repository/btc_sdx",
            "id": "btc_sdx",
            "image_scanning_configuration": [
              {
                "scan_on_push": false
              }
            ],
            "image_tag_mutability": "MUTABLE",
            "name": "btc_sdx",
            "registry_id": "742437496662",
            "repository_url": "742437496662.dkr.ecr.ap-northeast-1.amazonaws.com/btc_sdx",
            "tags": {},
            "timeouts": null
          },
          "private": "eyJlMmJmYjczMC1lY2FhLTExZTYtOGY4OC0zNDM2M2JjN2M0YzAiOnsiZGVsZXRlIjoxMjAwMDAwMDAwMDAwfX0="
        }
      ]
    },
    {
      "module": "module.ecs-cluster",
      "mode": "managed",
      "type": "aws_ecs_cluster",
      "name": "cluster",
      "provider": "module.ecs-cluster.provider.aws",
      "instances": [
        {
          "schema_version": 0,
          "attributes": {
            "arn": "arn:aws:ecs:eu-west-3:936645143561:cluster/btv01",
            "capacity_providers": [],
            "default_capacity_provider_strategy": [],
            "id": "arn:aws:ecs:eu-west-3:936645143561:cluster/btv01",
            "name": "btv01",
            "setting": [
              {
                "name": "containerInsights",
                "value": "disabled"
              }
            ],
            "tags": {}
          },
          "private": "bnVsbA=="
        }
      ]
    },
    {
      "module": "module.ecs-fargate-service",
      "mode": "managed",
      "type": "aws_ecs_service",
      "name": "service",
      "provider": "module.ecs-fargate-service.provider.aws",
      "instances": [
        {
          "schema_version": 0,
          "attributes": {
            "capacity_provider_strategy": [],
            "cluster": "arn:aws:ecs:eu-west-3:936645143561:cluster/btv01",
            "deployment_controller": [
              {
                "type": "ECS"
              }
            ],
            "deployment_maximum_percent": 200,
            "deployment_minimum_healthy_percent": 100,
            "desired_count": 1,
            "enable_ecs_managed_tags": false,
            "health_check_grace_period_seconds": 0,
            "iam_role": "aws-service-role",
            "id": "arn:aws:ecs:eu-west-3:936645143561:service/btv01/btv01-service",
            "launch_type": "FARGATE",
            "load_balancer": [
              {
                "container_name": "btv01-bettercar",
                "container_port": 8080,
                "elb_name": "",
                "target_group_arn": "arn:aws:elasticloadbalancing:eu-west-3:936645143561:targetgroup/btv01-lb-tg/3af2b7b30d9fceb5"
              }
            ],
            "name": "btv01-service",
            "network_configuration": [
              {
                "assign_public_ip": false,
                "security_groups": [
                  "sg-0764c87b6102f6362"
                ],
                "subnets": [
                  "subnet-0738c722c70588797",
                  "subnet-0b85fd7f68f560512"
                ]
              }
            ],
            "ordered_placement_strategy": [],
            "placement_constraints": [],
            "placement_strategy": [],
            "platform_version": "LATEST",
            "propagate_tags": "SERVICE",
            "scheduling_strategy": "REPLICA",
            "service_registries": [],
            "tags": {},
            "task_definition": "arn:aws:ecs:eu-west-3:936645143561:task-definition/btv01-td:19"
          },
          "private": "bnVsbA==",
          "dependencies": [
            "module.ecs-cluster.aws_ecs_cluster.cluster",
            "module.ecs-fargate-service.aws_lb_listener.listener",
            "module.ecs-fargate-service.aws_lb_target_group.lb_tg",
            "module.ecs-fargate-service.aws_security_group.ecs_tasks_sg",
            "module.td.aws_ecs_task_definition.td",
            "module.td.aws_iam_role.ecs_task_execution_role",
            "module.vpc.aws_subnet.private"
          ]
        }
      ]
    },
    {
      "module": "module.td",
      "mode": "managed",
      "type": "aws_ecs_task_definition",
      "name": "td",
      "provider": "module.td.provider.aws",
      "instances": [
        {
          "schema_version": 1,
          "attributes": {
            "arn": "arn:aws:ecs:eu-west-3:936645143561:task-definition/btv01-td:19",
            "container_definitions": "[{\"cpu\":1024,\"environment\":[],\"essential\":true,\"image\":\"sype/btc:latest\",\"logConfiguration\":{\"logDriver\":\"awslogs\",\"options\":{\"awslogs-group\":\"/ecs/service/btv01\",\"awslogs-region\":\"eu-west-3\",\"awslogs-stream-prefix\":\"ecs\"}},\"memory\":4096,\"memoryReservation\":2048,\"mountPoints\":[],\"name\":\"btv01-bettercar\",\"portMappings\":[{\"containerPort\":8080,\"hostPort\":8080,\"protocol\":\"tcp\"}],\"readonlyRootFilesystem\":false,\"stopTimeout\":30,\"volumesFrom\":[]}]",
            "cpu": "1024",
            "execution_role_arn": "arn:aws:iam::936645143561:role/btv01-ecs-task-execution-role",
            "family": "btv01-td",
            "id": "btv01-td",
            "ipc_mode": "",
            "memory": "4096",
            "network_mode": "awsvpc",
            "pid_mode": "",
            "placement_constraints": [],
            "proxy_configuration": [],
            "requires_compatibilities": [
              "FARGATE"
            ],
            "revision": 19,
            "tags": null,
            "task_role_arn": "arn:aws:iam::936645143561:role/btv01-ecs-task-execution-role",
            "volume": []
          },
          "private": "eyJzY2hlbWFfdmVyc2lvbiI6IjEifQ==",
          "dependencies": [
            "module.td.aws_iam_role.ecs_task_execution_role"
          ]
        }
      ]
    },
    {
      "module": "module.vpc",
      "mode": "managed",
      "type": "aws_egress_only_internet_gateway",
      "name": "this",
      "each": "list",
      "provider": "provider.aws",
      "instances": []
    },
    {
      "mode": "managed",
      "type": "aws_eip",
      "name": "nat",
      "each": "list",
      "provider": "provider.aws",
      "instances": [
        {
          "index_key": 0,
          "schema_version": 0,
          "attributes": {
            "allocation_id": null,
            "associate_with_private_ip": null,
            "association_id": "eipassoc-da55d626",
            "domain": "vpc",
            "id": "eipalloc-0d15b77f7229df385",
            "instance": "",
            "network_interface": "eni-08a3603a78077ccb9",
            "private_dns": "ip-10-9-16-87.eu-west-3.compute.internal",
            "private_ip": "10.9.16.87",
            "public_dns": "ec2-15-188-164-106.eu-west-3.compute.amazonaws.com",
            "public_ip": "15.188.164.106",
            "public_ipv4_pool": "amazon",
            "tags": {},
            "timeouts": null,
            "vpc": true
          },
          "private": "eyJlMmJmYjczMC1lY2FhLTExZTYtOGY4OC0zNDM2M2JjN2M0YzAiOnsiZGVsZXRlIjoxODAwMDAwMDAwMDAsInJlYWQiOjkwMDAwMDAwMDAwMCwidXBkYXRlIjozMDAwMDAwMDAwMDB9fQ=="
        }
      ]
    },
    {
      "module": "module.vpc",
      "mode": "managed",
      "type": "aws_eip",
      "name": "nat",
      "each": "list",
      "provider": "provider.aws",
      "instances": []
    },
    {
      "module": "module.vpc",
      "mode": "managed",
      "type": "aws_elasticache_subnet_group",
      "name": "elasticache",
      "each": "list",
      "provider": "provider.aws",
      "instances": []
    },
    {
      "module": "module.vpc",
      "mode": "managed",
      "type": "aws_flow_log",
      "name": "this",
      "each": "list",
      "provider": "provider.aws",
      "instances": []
    },
    {
      "module": "module.vpc",
      "mode": "managed",
      "type": "aws_iam_policy",
      "name": "vpc_flow_log_cloudwatch",
      "each": "list",
      "provider": "provider.aws",
      "instances": []
    },
    {
      "module": "module.ecs-fargate-service",
      "mode": "managed",
      "type": "aws_iam_role",
      "name": "ecs_autoscale_role",
      "provider": "module.ecs-fargate-service.provider.aws",
      "instances": [
        {
          "schema_version": 0,
          "attributes": {
            "arn": "arn:aws:iam::936645143561:role/btv01-ecs-autoscale-role",
            "assume_role_policy": "{\"Version\":\"2012-10-17\",\"Statement\":[{\"Effect\":\"Allow\",\"Principal\":{\"Service\":\"application-autoscaling.amazonaws.com\"},\"Action\":\"sts:AssumeRole\"}]}",
            "create_date": "2020-04-10T14:05:24Z",
            "description": "",
            "force_detach_policies": false,
            "id": "btv01-ecs-autoscale-role",
            "max_session_duration": 3600,
            "name": "btv01-ecs-autoscale-role",
            "name_prefix": null,
            "path": "/",
            "permissions_boundary": null,
            "tags": {},
            "unique_id": "AROA5UFDGVQEURALZUIZA"
          },
          "private": "bnVsbA=="
        }
      ]
    },
    {
      "module": "module.td",
      "mode": "managed",
      "type": "aws_iam_role",
      "name": "ecs_task_execution_role",
      "provider": "module.td.provider.aws",
      "instances": [
        {
          "schema_version": 0,
          "attributes": {
            "arn": "arn:aws:iam::936645143561:role/btv01-ecs-task-execution-role",
            "assume_role_policy": "{\"Version\":\"2012-10-17\",\"Statement\":[{\"Sid\":\"\",\"Effect\":\"Allow\",\"Principal\":{\"Service\":\"ecs-tasks.amazonaws.com\"},\"Action\":\"sts:AssumeRole\"}]}",
            "create_date": "2020-04-10T14:05:35Z",
            "description": "",
            "force_detach_policies": false,
            "id": "btv01-ecs-task-execution-role",
            "max_session_duration": 3600,
            "name": "btv01-ecs-task-execution-role",
            "name_prefix": null,
            "path": "/",
            "permissions_boundary": null,
            "tags": {},
            "unique_id": "AROA5UFDGVQEYWXUH4WNU"
          },
          "private": "bnVsbA=="
        }
      ]
    },
    {
      "module": "module.vpc",
      "mode": "managed",
      "type": "aws_iam_role",
      "name": "vpc_flow_log_cloudwatch",
      "each": "list",
      "provider": "provider.aws",
      "instances": []
    },
    {
      "module": "module.ecs-fargate-service",
      "mode": "managed",
      "type": "aws_iam_role_policy",
      "name": "ecs_autoscale_role_policy",
      "provider": "module.ecs-fargate-service.provider.aws",
      "instances": [
        {
          "schema_version": 0,
          "attributes": {
            "id": "btv01-ecs-autoscale-role:btv01-ecs-autoscale-role-policy",
            "name": "btv01-ecs-autoscale-role-policy",
            "name_prefix": null,
            "policy": "{\n    \"Version\": \"2012-10-17\",\n    \"Statement\": [\n        {\n            \"Effect\": \"Allow\",\n            \"Action\": [\n                \"ecs:DescribeServices\",\n                \"ecs:UpdateService\"\n            ],\n            \"Resource\": [\n                \"*\"\n            ]\n        },\n        {\n            \"Effect\": \"Allow\",\n            \"Action\": [\n                \"cloudwatch:DescribeAlarms\"\n            ],\n            \"Resource\": [\n                \"*\"\n            ]\n        }\n    ]\n}\n",
            "role": "btv01-ecs-autoscale-role"
          },
          "private": "bnVsbA==",
          "dependencies": [
            "module.ecs-fargate-service.aws_iam_role.ecs_autoscale_role"
          ]
        }
      ]
    },
    {
      "module": "module.td",
      "mode": "managed",
      "type": "aws_iam_role_policy_attachment",
      "name": "ecs_task_execution_role_policy_attach",
      "provider": "module.td.provider.aws",
      "instances": [
        {
          "schema_version": 0,
          "attributes": {
            "id": "btv01-ecs-task-execution-role-20200410140541910200000001",
            "policy_arn": "arn:aws:iam::aws:policy/service-role/AmazonECSTaskExecutionRolePolicy",
            "role": "btv01-ecs-task-execution-role"
          },
          "private": "bnVsbA==",
          "dependencies": [
            "module.td.aws_iam_role.ecs_task_execution_role"
          ]
        }
      ]
    },
    {
      "module": "module.vpc",
      "mode": "managed",
      "type": "aws_iam_role_policy_attachment",
      "name": "vpc_flow_log_cloudwatch",
      "each": "list",
      "provider": "provider.aws",
      "instances": []
    },
    {
      "module": "module.vpc",
      "mode": "managed",
      "type": "aws_internet_gateway",
      "name": "this",
      "each": "list",
      "provider": "provider.aws",
      "instances": [
        {
          "index_key": 0,
          "schema_version": 0,
          "attributes": {
            "id": "igw-0e1b85faed30b80ce",
            "owner_id": "936645143561",
            "tags": {
              "AppRole": "generic_app",
              "Env": "sdx",
              "ManagedBy": "Devopsteam",
              "Name": "btv01-gbi-gen-sdx-ew3-vpc",
              "Owner": "Devopsteam",
              "Project": "gen"
            },
            "vpc_id": "vpc-0f842b3adcba79ed1"
          },
          "private": "bnVsbA==",
          "dependencies": [
            "module.vpc.aws_vpc.this",
            "module.vpc.aws_vpc_ipv4_cidr_block_association.this"
          ]
        }
      ]
    },
    {
      "module": "module.ecs-fargate-service",
      "mode": "managed",
      "type": "aws_lb",
      "name": "lb",
      "provider": "module.ecs-fargate-service.provider.aws",
      "instances": [
        {
          "schema_version": 0,
          "attributes": {
            "access_logs": [
              {
                "bucket": "",
                "enabled": false,
                "prefix": ""
              }
            ],
            "arn": "arn:aws:elasticloadbalancing:eu-west-3:936645143561:loadbalancer/app/btv01-lb/24bceacecc5d57f1",
            "arn_suffix": "app/btv01-lb/24bceacecc5d57f1",
            "dns_name": "btv01-lb-754921678.eu-west-3.elb.amazonaws.com",
            "drop_invalid_header_fields": false,
            "enable_cross_zone_load_balancing": null,
            "enable_deletion_protection": false,
            "enable_http2": true,
            "id": "arn:aws:elasticloadbalancing:eu-west-3:936645143561:loadbalancer/app/btv01-lb/24bceacecc5d57f1",
            "idle_timeout": 60,
            "internal": false,
            "ip_address_type": "ipv4",
            "load_balancer_type": "application",
            "name": "btv01-lb",
            "name_prefix": null,
            "security_groups": [
              "sg-0c199210f14279d4a"
            ],
            "subnet_mapping": [
              {
                "allocation_id": "",
                "subnet_id": "subnet-09cbe93ac499be901"
              },
              {
                "allocation_id": "",
                "subnet_id": "subnet-0e74e48cc2993cf83"
              }
            ],
            "subnets": [
              "subnet-09cbe93ac499be901",
              "subnet-0e74e48cc2993cf83"
            ],
            "tags": {
              "Name": "btv01-lb"
            },
            "timeouts": null,
            "vpc_id": "vpc-0f842b3adcba79ed1",
            "zone_id": "Z3Q77PNBQS71R4"
          },
          "private": "eyJlMmJmYjczMC1lY2FhLTExZTYtOGY4OC0zNDM2M2JjN2M0YzAiOnsiY3JlYXRlIjo2MDAwMDAwMDAwMDAsImRlbGV0ZSI6NjAwMDAwMDAwMDAwLCJ1cGRhdGUiOjYwMDAwMDAwMDAwMH19",
          "dependencies": [
            "module.ecs-fargate-service.aws_security_group.lb_sg",
            "module.vpc.aws_subnet.public",
            "module.vpc.aws_vpc.this",
            "module.vpc.aws_vpc_ipv4_cidr_block_association.this"
          ]
        }
      ]
    },
    {
      "module": "module.ecs-fargate-service",
      "mode": "managed",
      "type": "aws_lb_listener",
      "name": "listener",
      "provider": "module.ecs-fargate-service.provider.aws",
      "instances": [
        {
          "schema_version": 0,
          "attributes": {
            "arn": "arn:aws:elasticloadbalancing:eu-west-3:936645143561:listener/app/btv01-lb/24bceacecc5d57f1/6c78d964e72c5eaf",
            "certificate_arn": null,
            "default_action": [
              {
                "authenticate_cognito": [],
                "authenticate_oidc": [],
                "fixed_response": [],
                "order": 1,
                "redirect": [],
                "target_group_arn": "arn:aws:elasticloadbalancing:eu-west-3:936645143561:targetgroup/btv01-lb-tg/3af2b7b30d9fceb5",
                "type": "forward"
              }
            ],
            "id": "arn:aws:elasticloadbalancing:eu-west-3:936645143561:listener/app/btv01-lb/24bceacecc5d57f1/6c78d964e72c5eaf",
            "load_balancer_arn": "arn:aws:elasticloadbalancing:eu-west-3:936645143561:loadbalancer/app/btv01-lb/24bceacecc5d57f1",
            "port": 80,
            "protocol": "HTTP",
            "ssl_policy": "",
            "timeouts": null
          },
          "private": "eyJlMmJmYjczMC1lY2FhLTExZTYtOGY4OC0zNDM2M2JjN2M0YzAiOnsicmVhZCI6NjAwMDAwMDAwMDAwfX0=",
          "dependencies": [
            "module.ecs-fargate-service.aws_lb.lb",
            "module.ecs-fargate-service.aws_lb_target_group.lb_tg",
            "module.ecs-fargate-service.aws_security_group.lb_sg",
            "module.vpc.aws_subnet.public",
            "module.vpc.aws_vpc.this",
            "module.vpc.aws_vpc_ipv4_cidr_block_association.this"
          ]
        }
      ]
    },
    {
      "module": "module.ecs-fargate-service",
      "mode": "managed",
      "type": "aws_lb_target_group",
      "name": "lb_tg",
      "provider": "module.ecs-fargate-service.provider.aws",
      "instances": [
        {
          "schema_version": 0,
          "attributes": {
            "arn": "arn:aws:elasticloadbalancing:eu-west-3:936645143561:targetgroup/btv01-lb-tg/3af2b7b30d9fceb5",
            "arn_suffix": "targetgroup/btv01-lb-tg/3af2b7b30d9fceb5",
            "deregistration_delay": 300,
            "health_check": [
              {
                "enabled": true,
                "healthy_threshold": 3,
                "interval": 30,
                "matcher": "200",
                "path": "/",
                "port": "8080",
                "protocol": "HTTP",
                "timeout": 5,
                "unhealthy_threshold": 3
              }
            ],
            "id": "arn:aws:elasticloadbalancing:eu-west-3:936645143561:targetgroup/btv01-lb-tg/3af2b7b30d9fceb5",
            "lambda_multi_value_headers_enabled": false,
            "load_balancing_algorithm_type": "round_robin",
            "name": "btv01-lb-tg",
            "name_prefix": null,
            "port": 8080,
            "protocol": "HTTP",
            "proxy_protocol_v2": false,
            "slow_start": 0,
            "stickiness": [
              {
                "cookie_duration": 86400,
                "enabled": false,
                "type": "lb_cookie"
              }
            ],
            "tags": {
              "Name": "btv01-lb-tg"
            },
            "target_type": "ip",
            "vpc_id": "vpc-0f842b3adcba79ed1"
          },
          "private": "bnVsbA==",
          "dependencies": [
            "module.ecs-fargate-service.aws_lb.lb",
            "module.ecs-fargate-service.aws_security_group.lb_sg",
            "module.vpc.aws_subnet.public",
            "module.vpc.aws_vpc.this",
            "module.vpc.aws_vpc_ipv4_cidr_block_association.this"
          ]
        }
      ]
    },
    {
      "module": "module.vpc",
      "mode": "managed",
      "type": "aws_nat_gateway",
      "name": "this",
      "each": "list",
      "provider": "provider.aws",
      "instances": [
        {
          "index_key": 0,
          "schema_version": 0,
          "attributes": {
            "allocation_id": "eipalloc-0d15b77f7229df385",
            "id": "nat-02ebceb04f9b49974",
            "network_interface_id": "eni-08a3603a78077ccb9",
            "private_ip": "10.9.16.87",
            "public_ip": "15.188.164.106",
            "subnet_id": "subnet-0e74e48cc2993cf83",
            "tags": {
              "AppRole": "generic_app",
              "Env": "sdx",
              "ManagedBy": "Devopsteam",
              "Name": "btv01-gbi-gen-sdx-ew3-vpc-eu-west-3a",
              "Owner": "Devopsteam",
              "Project": "gen"
            }
          },
          "private": "bnVsbA==",
          "dependencies": [
            "aws_eip.nat",
            "module.vpc.aws_eip.nat",
            "module.vpc.aws_internet_gateway.this",
            "module.vpc.aws_subnet.public",
            "module.vpc.aws_vpc.this",
            "module.vpc.aws_vpc_ipv4_cidr_block_association.this"
          ]
        }
      ]
    },
    {
      "module": "module.vpc",
      "mode": "managed",
      "type": "aws_network_acl",
      "name": "database",
      "each": "list",
      "provider": "provider.aws",
      "instances": []
    },
    {
      "module": "module.vpc",
      "mode": "managed",
      "type": "aws_network_acl",
      "name": "elasticache",
      "each": "list",
      "provider": "provider.aws",
      "instances": []
    },
    {
      "module": "module.vpc",
      "mode": "managed",
      "type": "aws_network_acl",
      "name": "intra",
      "each": "list",
      "provider": "provider.aws",
      "instances": []
    },
    {
      "module": "module.vpc",
      "mode": "managed",
      "type": "aws_network_acl",
      "name": "private",
      "each": "list",
      "provider": "provider.aws",
      "instances": []
    },
    {
      "module": "module.vpc",
      "mode": "managed",
      "type": "aws_network_acl",
      "name": "public",
      "each": "list",
      "provider": "provider.aws",
      "instances": []
    },
    {
      "module": "module.vpc",
      "mode": "managed",
      "type": "aws_network_acl",
      "name": "redshift",
      "each": "list",
      "provider": "provider.aws",
      "instances": []
    },
    {
      "module": "module.vpc",
      "mode": "managed",
      "type": "aws_network_acl_rule",
      "name": "database_inbound",
      "each": "list",
      "provider": "provider.aws",
      "instances": []
    },
    {
      "module": "module.vpc",
      "mode": "managed",
      "type": "aws_network_acl_rule",
      "name": "database_outbound",
      "each": "list",
      "provider": "provider.aws",
      "instances": []
    },
    {
      "module": "module.vpc",
      "mode": "managed",
      "type": "aws_network_acl_rule",
      "name": "elasticache_inbound",
      "each": "list",
      "provider": "provider.aws",
      "instances": []
    },
    {
      "module": "module.vpc",
      "mode": "managed",
      "type": "aws_network_acl_rule",
      "name": "elasticache_outbound",
      "each": "list",
      "provider": "provider.aws",
      "instances": []
    },
    {
      "module": "module.vpc",
      "mode": "managed",
      "type": "aws_network_acl_rule",
      "name": "intra_inbound",
      "each": "list",
      "provider": "provider.aws",
      "instances": []
    },
    {
      "module": "module.vpc",
      "mode": "managed",
      "type": "aws_network_acl_rule",
      "name": "intra_outbound",
      "each": "list",
      "provider": "provider.aws",
      "instances": []
    },
    {
      "module": "module.vpc",
      "mode": "managed",
      "type": "aws_network_acl_rule",
      "name": "private_inbound",
      "each": "list",
      "provider": "provider.aws",
      "instances": []
    },
    {
      "module": "module.vpc",
      "mode": "managed",
      "type": "aws_network_acl_rule",
      "name": "private_outbound",
      "each": "list",
      "provider": "provider.aws",
      "instances": []
    },
    {
      "module": "module.vpc",
      "mode": "managed",
      "type": "aws_network_acl_rule",
      "name": "public_inbound",
      "each": "list",
      "provider": "provider.aws",
      "instances": []
    },
    {
      "module": "module.vpc",
      "mode": "managed",
      "type": "aws_network_acl_rule",
      "name": "public_outbound",
      "each": "list",
      "provider": "provider.aws",
      "instances": []
    },
    {
      "module": "module.vpc",
      "mode": "managed",
      "type": "aws_network_acl_rule",
      "name": "redshift_inbound",
      "each": "list",
      "provider": "provider.aws",
      "instances": []
    },
    {
      "module": "module.vpc",
      "mode": "managed",
      "type": "aws_network_acl_rule",
      "name": "redshift_outbound",
      "each": "list",
      "provider": "provider.aws",
      "instances": []
    },
    {
      "module": "module.vpc",
      "mode": "managed",
      "type": "aws_redshift_subnet_group",
      "name": "redshift",
      "each": "list",
      "provider": "provider.aws",
      "instances": []
    },
    {
      "module": "module.vpc",
      "mode": "managed",
      "type": "aws_route",
      "name": "database_internet_gateway",
      "each": "list",
      "provider": "provider.aws",
      "instances": []
    },
    {
      "module": "module.vpc",
      "mode": "managed",
      "type": "aws_route",
      "name": "database_ipv6_egress",
      "each": "list",
      "provider": "provider.aws",
      "instances": []
    },
    {
      "module": "module.vpc",
      "mode": "managed",
      "type": "aws_route",
      "name": "database_nat_gateway",
      "each": "list",
      "provider": "provider.aws",
      "instances": []
    },
    {
      "module": "module.vpc",
      "mode": "managed",
      "type": "aws_route",
      "name": "private_ipv6_egress",
      "each": "list",
      "provider": "provider.aws",
      "instances": []
    },
    {
      "module": "module.vpc",
      "mode": "managed",
      "type": "aws_route",
      "name": "private_nat_gateway",
      "each": "list",
      "provider": "provider.aws",
      "instances": [
        {
          "index_key": 0,
          "schema_version": 0,
          "attributes": {
            "destination_cidr_block": "0.0.0.0/0",
            "destination_ipv6_cidr_block": null,
            "destination_prefix_list_id": "",
            "egress_only_gateway_id": "",
            "gateway_id": "",
            "id": "r-rtb-086f2cf7ab310b1211080289494",
            "instance_id": "",
            "instance_owner_id": "",
            "nat_gateway_id": "nat-02ebceb04f9b49974",
            "network_interface_id": "",
            "origin": "CreateRoute",
            "route_table_id": "rtb-086f2cf7ab310b121",
            "state": "active",
            "timeouts": {
              "create": "5m",
              "delete": null
            },
            "transit_gateway_id": "",
            "vpc_peering_connection_id": ""
          },
          "private": "eyJlMmJmYjczMC1lY2FhLTExZTYtOGY4OC0zNDM2M2JjN2M0YzAiOnsiY3JlYXRlIjozMDAwMDAwMDAwMDAsImRlbGV0ZSI6MzAwMDAwMDAwMDAwfX0=",
          "dependencies": [
            "aws_eip.nat",
            "module.vpc.aws_eip.nat",
            "module.vpc.aws_internet_gateway.this",
            "module.vpc.aws_nat_gateway.this",
            "module.vpc.aws_route_table.private",
            "module.vpc.aws_subnet.public",
            "module.vpc.aws_vpc.this",
            "module.vpc.aws_vpc_ipv4_cidr_block_association.this"
          ]
        }
      ]
    },
    {
      "module": "module.vpc",
      "mode": "managed",
      "type": "aws_route",
      "name": "public_internet_gateway",
      "each": "list",
      "provider": "provider.aws",
      "instances": [
        {
          "index_key": 0,
          "schema_version": 0,
          "attributes": {
            "destination_cidr_block": "0.0.0.0/0",
            "destination_ipv6_cidr_block": null,
            "destination_prefix_list_id": "",
            "egress_only_gateway_id": "",
            "gateway_id": "igw-0e1b85faed30b80ce",
            "id": "r-rtb-0301a3da7ac44796a1080289494",
            "instance_id": "",
            "instance_owner_id": "",
            "nat_gateway_id": "",
            "network_interface_id": "",
            "origin": "CreateRoute",
            "route_table_id": "rtb-0301a3da7ac44796a",
            "state": "active",
            "timeouts": {
              "create": "5m",
              "delete": null
            },
            "transit_gateway_id": "",
            "vpc_peering_connection_id": ""
          },
          "private": "eyJlMmJmYjczMC1lY2FhLTExZTYtOGY4OC0zNDM2M2JjN2M0YzAiOnsiY3JlYXRlIjozMDAwMDAwMDAwMDAsImRlbGV0ZSI6MzAwMDAwMDAwMDAwfX0=",
          "dependencies": [
            "module.vpc.aws_internet_gateway.this",
            "module.vpc.aws_route_table.public",
            "module.vpc.aws_vpc.this",
            "module.vpc.aws_vpc_ipv4_cidr_block_association.this"
          ]
        }
      ]
    },
    {
      "module": "module.vpc",
      "mode": "managed",
      "type": "aws_route",
      "name": "public_internet_gateway_ipv6",
      "each": "list",
      "provider": "provider.aws",
      "instances": []
    },
    {
      "module": "module.vpc",
      "mode": "managed",
      "type": "aws_route_table",
      "name": "database",
      "each": "list",
      "provider": "provider.aws",
      "instances": []
    },
    {
      "module": "module.vpc",
      "mode": "managed",
      "type": "aws_route_table",
      "name": "elasticache",
      "each": "list",
      "provider": "provider.aws",
      "instances": []
    },
    {
      "module": "module.vpc",
      "mode": "managed",
      "type": "aws_route_table",
      "name": "intra",
      "each": "list",
      "provider": "provider.aws",
      "instances": []
    },
    {
      "module": "module.vpc",
      "mode": "managed",
      "type": "aws_route_table",
      "name": "private",
      "each": "list",
      "provider": "provider.aws",
      "instances": [
        {
          "index_key": 0,
          "schema_version": 0,
          "attributes": {
            "id": "rtb-086f2cf7ab310b121",
            "owner_id": "936645143561",
            "propagating_vgws": [],
            "route": [
              {
                "cidr_block": "0.0.0.0/0",
                "egress_only_gateway_id": "",
                "gateway_id": "",
                "instance_id": "",
                "ipv6_cidr_block": "",
                "nat_gateway_id": "nat-02ebceb04f9b49974",
                "network_interface_id": "",
                "transit_gateway_id": "",
                "vpc_peering_connection_id": ""
              }
            ],
            "tags": {
              "AppRole": "generic_app",
              "Env": "sdx",
              "ManagedBy": "Devopsteam",
              "Name": "btv01-gbi-gen-sdx-ew3-vpc-private",
              "Owner": "Devopsteam",
              "Project": "gen"
            },
            "vpc_id": "vpc-0f842b3adcba79ed1"
          },
          "private": "bnVsbA==",
          "dependencies": [
            "module.vpc.aws_vpc.this",
            "module.vpc.aws_vpc_ipv4_cidr_block_association.this"
          ]
        }
      ]
    },
    {
      "module": "module.vpc",
      "mode": "managed",
      "type": "aws_route_table",
      "name": "public",
      "each": "list",
      "provider": "provider.aws",
      "instances": [
        {
          "index_key": 0,
          "schema_version": 0,
          "attributes": {
            "id": "rtb-0301a3da7ac44796a",
            "owner_id": "936645143561",
            "propagating_vgws": [],
            "route": [
              {
                "cidr_block": "0.0.0.0/0",
                "egress_only_gateway_id": "",
                "gateway_id": "igw-0e1b85faed30b80ce",
                "instance_id": "",
                "ipv6_cidr_block": "",
                "nat_gateway_id": "",
                "network_interface_id": "",
                "transit_gateway_id": "",
                "vpc_peering_connection_id": ""
              }
            ],
            "tags": {
              "AppRole": "generic_app",
              "Env": "sdx",
              "ManagedBy": "Devopsteam",
              "Name": "btv01-gbi-gen-sdx-ew3-vpc-public",
              "Owner": "Devopsteam",
              "Project": "gen"
            },
            "vpc_id": "vpc-0f842b3adcba79ed1"
          },
          "private": "bnVsbA==",
          "dependencies": [
            "module.vpc.aws_vpc.this",
            "module.vpc.aws_vpc_ipv4_cidr_block_association.this"
          ]
        }
      ]
    },
    {
      "module": "module.vpc",
      "mode": "managed",
      "type": "aws_route_table",
      "name": "redshift",
      "each": "list",
      "provider": "provider.aws",
      "instances": []
    },
    {
      "module": "module.vpc",
      "mode": "managed",
      "type": "aws_route_table_association",
      "name": "database",
      "each": "list",
      "provider": "provider.aws",
      "instances": [
        {
          "index_key": 0,
          "schema_version": 0,
          "attributes": {
            "gateway_id": null,
            "id": "rtbassoc-0f30ffee41aa70d7a",
            "route_table_id": "rtb-086f2cf7ab310b121",
            "subnet_id": "subnet-0ff2344f1a846deca"
          },
          "private": "bnVsbA==",
          "dependencies": [
            "module.vpc.aws_route_table.database",
            "module.vpc.aws_route_table.private",
            "module.vpc.aws_subnet.database",
            "module.vpc.aws_vpc.this",
            "module.vpc.aws_vpc_ipv4_cidr_block_association.this"
          ]
        },
        {
          "index_key": 1,
          "schema_version": 0,
          "attributes": {
            "gateway_id": null,
            "id": "rtbassoc-05577b2ca254d22fb",
            "route_table_id": "rtb-086f2cf7ab310b121",
            "subnet_id": "subnet-032f51588e996de18"
          },
          "private": "bnVsbA==",
          "dependencies": [
            "module.vpc.aws_route_table.database",
            "module.vpc.aws_route_table.private",
            "module.vpc.aws_subnet.database",
            "module.vpc.aws_vpc.this",
            "module.vpc.aws_vpc_ipv4_cidr_block_association.this"
          ]
        }
      ]
    },
    {
      "module": "module.vpc",
      "mode": "managed",
      "type": "aws_route_table_association",
      "name": "elasticache",
      "each": "list",
      "provider": "provider.aws",
      "instances": []
    },
    {
      "module": "module.vpc",
      "mode": "managed",
      "type": "aws_route_table_association",
      "name": "intra",
      "each": "list",
      "provider": "provider.aws",
      "instances": []
    },
    {
      "module": "module.vpc",
      "mode": "managed",
      "type": "aws_route_table_association",
      "name": "private",
      "each": "list",
      "provider": "provider.aws",
      "instances": [
        {
          "index_key": 0,
          "schema_version": 0,
          "attributes": {
            "gateway_id": null,
            "id": "rtbassoc-0d59e33282391cbbd",
            "route_table_id": "rtb-086f2cf7ab310b121",
            "subnet_id": "subnet-0738c722c70588797"
          },
          "private": "bnVsbA==",
          "dependencies": [
            "module.vpc.aws_route_table.private",
            "module.vpc.aws_subnet.private",
            "module.vpc.aws_vpc.this",
            "module.vpc.aws_vpc_ipv4_cidr_block_association.this"
          ]
        },
        {
          "index_key": 1,
          "schema_version": 0,
          "attributes": {
            "gateway_id": null,
            "id": "rtbassoc-056f0c4a41284f848",
            "route_table_id": "rtb-086f2cf7ab310b121",
            "subnet_id": "subnet-0b85fd7f68f560512"
          },
          "private": "bnVsbA==",
          "dependencies": [
            "module.vpc.aws_route_table.private",
            "module.vpc.aws_subnet.private",
            "module.vpc.aws_vpc.this",
            "module.vpc.aws_vpc_ipv4_cidr_block_association.this"
          ]
        }
      ]
    },
    {
      "module": "module.vpc",
      "mode": "managed",
      "type": "aws_route_table_association",
      "name": "public",
      "each": "list",
      "provider": "provider.aws",
      "instances": [
        {
          "index_key": 0,
          "schema_version": 0,
          "attributes": {
            "gateway_id": null,
            "id": "rtbassoc-0a33628d65bca6c4d",
            "route_table_id": "rtb-0301a3da7ac44796a",
            "subnet_id": "subnet-0e74e48cc2993cf83"
          },
          "private": "bnVsbA==",
          "dependencies": [
            "module.vpc.aws_route_table.public",
            "module.vpc.aws_subnet.public",
            "module.vpc.aws_vpc.this",
            "module.vpc.aws_vpc_ipv4_cidr_block_association.this"
          ]
        },
        {
          "index_key": 1,
          "schema_version": 0,
          "attributes": {
            "gateway_id": null,
            "id": "rtbassoc-01fe73b7bd9608029",
            "route_table_id": "rtb-0301a3da7ac44796a",
            "subnet_id": "subnet-09cbe93ac499be901"
          },
          "private": "bnVsbA==",
          "dependencies": [
            "module.vpc.aws_route_table.public",
            "module.vpc.aws_subnet.public",
            "module.vpc.aws_vpc.this",
            "module.vpc.aws_vpc_ipv4_cidr_block_association.this"
          ]
        }
      ]
    },
    {
      "module": "module.vpc",
      "mode": "managed",
      "type": "aws_route_table_association",
      "name": "redshift",
      "each": "list",
      "provider": "provider.aws",
      "instances": []
    },
    {
      "module": "module.vpc",
      "mode": "managed",
      "type": "aws_route_table_association",
      "name": "redshift_public",
      "each": "list",
      "provider": "provider.aws",
      "instances": []
    },
    {
      "module": "module.ecs-fargate-service",
      "mode": "managed",
      "type": "aws_security_group",
      "name": "ecs_tasks_sg",
      "provider": "module.ecs-fargate-service.provider.aws",
      "instances": [
        {
          "schema_version": 1,
          "attributes": {
            "arn": "arn:aws:ec2:eu-west-3:936645143561:security-group/sg-0764c87b6102f6362",
            "description": "Allow inbound access from the LB only",
            "egress": [
              {
                "cidr_blocks": [
                  "0.0.0.0/0"
                ],
                "description": "",
                "from_port": 0,
                "ipv6_cidr_blocks": [],
                "prefix_list_ids": [],
                "protocol": "-1",
                "security_groups": [],
                "self": false,
                "to_port": 0
              }
            ],
            "id": "sg-0764c87b6102f6362",
            "ingress": [
              {
                "cidr_blocks": [],
                "description": "",
                "from_port": 8080,
                "ipv6_cidr_blocks": [],
                "prefix_list_ids": [],
                "protocol": "tcp",
                "security_groups": [
                  "sg-0c199210f14279d4a"
                ],
                "self": false,
                "to_port": 8080
              }
            ],
            "name": "btv01-ecs-tasks-sg",
            "name_prefix": null,
            "owner_id": "936645143561",
            "revoke_rules_on_delete": false,
            "tags": {
              "Name": "btv01-ecs-tasks-sg"
            },
            "timeouts": null,
            "vpc_id": "vpc-0f842b3adcba79ed1"
          },
          "private": "eyJlMmJmYjczMC1lY2FhLTExZTYtOGY4OC0zNDM2M2JjN2M0YzAiOnsiY3JlYXRlIjo2MDAwMDAwMDAwMDAsImRlbGV0ZSI6NjAwMDAwMDAwMDAwfSwic2NoZW1hX3ZlcnNpb24iOiIxIn0=",
          "dependencies": [
            "module.ecs-fargate-service.aws_security_group.lb_sg",
            "module.vpc.aws_vpc.this"
          ]
        }
      ]
    },
    {
      "module": "module.ecs-fargate-service",
      "mode": "managed",
      "type": "aws_security_group",
      "name": "lb_sg",
      "provider": "module.ecs-fargate-service.provider.aws",
      "instances": [
        {
          "schema_version": 1,
          "attributes": {
            "arn": "arn:aws:ec2:eu-west-3:936645143561:security-group/sg-0c199210f14279d4a",
            "description": "Control access to LB",
            "egress": [
              {
                "cidr_blocks": [
                  "0.0.0.0/0"
                ],
                "description": "",
                "from_port": 0,
                "ipv6_cidr_blocks": [],
                "prefix_list_ids": [],
                "protocol": "-1",
                "security_groups": [],
                "self": false,
                "to_port": 0
              }
            ],
            "id": "sg-0c199210f14279d4a",
            "ingress": [
              {
                "cidr_blocks": [
                  "0.0.0.0/0"
                ],
                "description": "",
                "from_port": 80,
                "ipv6_cidr_blocks": [],
                "prefix_list_ids": [],
                "protocol": "tcp",
                "security_groups": [],
                "self": false,
                "to_port": 80
              }
            ],
            "name": "btv01-lb-sg",
            "name_prefix": null,
            "owner_id": "936645143561",
            "revoke_rules_on_delete": false,
            "tags": {
              "Name": "btv01-lb-sg"
            },
            "timeouts": null,
            "vpc_id": "vpc-0f842b3adcba79ed1"
          },
          "private": "eyJlMmJmYjczMC1lY2FhLTExZTYtOGY4OC0zNDM2M2JjN2M0YzAiOnsiY3JlYXRlIjo2MDAwMDAwMDAwMDAsImRlbGV0ZSI6NjAwMDAwMDAwMDAwfSwic2NoZW1hX3ZlcnNpb24iOiIxIn0=",
          "dependencies": [
            "module.vpc.aws_vpc.this"
          ]
        }
      ]
    },
    {
      "module": "module.vpc",
      "mode": "managed",
      "type": "aws_subnet",
      "name": "database",
      "each": "list",
      "provider": "provider.aws",
      "instances": [
        {
          "index_key": 0,
          "schema_version": 1,
          "attributes": {
            "arn": "arn:aws:ec2:eu-west-3:936645143561:subnet/subnet-0ff2344f1a846deca",
            "assign_ipv6_address_on_creation": false,
            "availability_zone": "eu-west-3a",
            "availability_zone_id": "euw3-az1",
            "cidr_block": "10.9.19.0/24",
            "id": "subnet-0ff2344f1a846deca",
            "ipv6_cidr_block": "",
            "ipv6_cidr_block_association_id": "",
            "map_public_ip_on_launch": false,
            "owner_id": "936645143561",
            "tags": {
              "AppRole": "generic_app",
              "Env": "sdx",
              "ManagedBy": "Devopsteam",
              "Name": "btv01-gbi-gen-sdx-ew3-vpc-db-eu-west-3a",
              "Owner": "Devopsteam",
              "Project": "gen"
            },
            "timeouts": null,
            "vpc_id": "vpc-0f842b3adcba79ed1"
          },
          "private": "eyJlMmJmYjczMC1lY2FhLTExZTYtOGY4OC0zNDM2M2JjN2M0YzAiOnsiY3JlYXRlIjo2MDAwMDAwMDAwMDAsImRlbGV0ZSI6MTIwMDAwMDAwMDAwMH0sInNjaGVtYV92ZXJzaW9uIjoiMSJ9",
          "dependencies": [
            "module.vpc.aws_vpc.this",
            "module.vpc.aws_vpc_ipv4_cidr_block_association.this"
          ]
        },
        {
          "index_key": 1,
          "schema_version": 1,
          "attributes": {
            "arn": "arn:aws:ec2:eu-west-3:936645143561:subnet/subnet-032f51588e996de18",
            "assign_ipv6_address_on_creation": false,
            "availability_zone": "eu-west-3b",
            "availability_zone_id": "euw3-az2",
            "cidr_block": "10.9.23.0/24",
            "id": "subnet-032f51588e996de18",
            "ipv6_cidr_block": "",
            "ipv6_cidr_block_association_id": "",
            "map_public_ip_on_launch": false,
            "owner_id": "936645143561",
            "tags": {
              "AppRole": "generic_app",
              "Env": "sdx",
              "ManagedBy": "Devopsteam",
              "Name": "btv01-gbi-gen-sdx-ew3-vpc-db-eu-west-3b",
              "Owner": "Devopsteam",
              "Project": "gen"
            },
            "timeouts": null,
            "vpc_id": "vpc-0f842b3adcba79ed1"
          },
          "private": "eyJlMmJmYjczMC1lY2FhLTExZTYtOGY4OC0zNDM2M2JjN2M0YzAiOnsiY3JlYXRlIjo2MDAwMDAwMDAwMDAsImRlbGV0ZSI6MTIwMDAwMDAwMDAwMH0sInNjaGVtYV92ZXJzaW9uIjoiMSJ9",
          "dependencies": [
            "module.vpc.aws_vpc.this",
            "module.vpc.aws_vpc_ipv4_cidr_block_association.this"
          ]
        }
      ]
    },
    {
      "module": "module.vpc",
      "mode": "managed",
      "type": "aws_subnet",
      "name": "elasticache",
      "each": "list",
      "provider": "provider.aws",
      "instances": []
    },
    {
      "module": "module.vpc",
      "mode": "managed",
      "type": "aws_subnet",
      "name": "intra",
      "each": "list",
      "provider": "provider.aws",
      "instances": []
    },
    {
      "module": "module.vpc",
      "mode": "managed",
      "type": "aws_subnet",
      "name": "private",
      "each": "list",
      "provider": "provider.aws",
      "instances": [
        {
          "index_key": 0,
          "schema_version": 1,
          "attributes": {
            "arn": "arn:aws:ec2:eu-west-3:936645143561:subnet/subnet-0738c722c70588797",
            "assign_ipv6_address_on_creation": false,
            "availability_zone": "eu-west-3a",
            "availability_zone_id": "euw3-az1",
            "cidr_block": "10.9.17.0/24",
            "id": "subnet-0738c722c70588797",
            "ipv6_cidr_block": "",
            "ipv6_cidr_block_association_id": "",
            "map_public_ip_on_launch": false,
            "owner_id": "936645143561",
            "tags": {
              "AppRole": "generic_app",
              "Env": "sdx",
              "ManagedBy": "Devopsteam",
              "Name": "btv01-gbi-gen-sdx-ew3-vpc-private-eu-west-3a",
              "Owner": "Devopsteam",
              "Project": "gen"
            },
            "timeouts": null,
            "vpc_id": "vpc-0f842b3adcba79ed1"
          },
          "private": "eyJlMmJmYjczMC1lY2FhLTExZTYtOGY4OC0zNDM2M2JjN2M0YzAiOnsiY3JlYXRlIjo2MDAwMDAwMDAwMDAsImRlbGV0ZSI6MTIwMDAwMDAwMDAwMH0sInNjaGVtYV92ZXJzaW9uIjoiMSJ9",
          "dependencies": [
            "module.vpc.aws_vpc.this",
            "module.vpc.aws_vpc_ipv4_cidr_block_association.this"
          ]
        },
        {
          "index_key": 1,
          "schema_version": 1,
          "attributes": {
            "arn": "arn:aws:ec2:eu-west-3:936645143561:subnet/subnet-0b85fd7f68f560512",
            "assign_ipv6_address_on_creation": false,
            "availability_zone": "eu-west-3b",
            "availability_zone_id": "euw3-az2",
            "cidr_block": "10.9.21.0/24",
            "id": "subnet-0b85fd7f68f560512",
            "ipv6_cidr_block": "",
            "ipv6_cidr_block_association_id": "",
            "map_public_ip_on_launch": false,
            "owner_id": "936645143561",
            "tags": {
              "AppRole": "generic_app",
              "Env": "sdx",
              "ManagedBy": "Devopsteam",
              "Name": "btv01-gbi-gen-sdx-ew3-vpc-private-eu-west-3b",
              "Owner": "Devopsteam",
              "Project": "gen"
            },
            "timeouts": null,
            "vpc_id": "vpc-0f842b3adcba79ed1"
          },
          "private": "eyJlMmJmYjczMC1lY2FhLTExZTYtOGY4OC0zNDM2M2JjN2M0YzAiOnsiY3JlYXRlIjo2MDAwMDAwMDAwMDAsImRlbGV0ZSI6MTIwMDAwMDAwMDAwMH0sInNjaGVtYV92ZXJzaW9uIjoiMSJ9",
          "dependencies": [
            "module.vpc.aws_vpc.this",
            "module.vpc.aws_vpc_ipv4_cidr_block_association.this"
          ]
        }
      ]
    },
    {
      "module": "module.vpc",
      "mode": "managed",
      "type": "aws_subnet",
      "name": "public",
      "each": "list",
      "provider": "provider.aws",
      "instances": [
        {
          "index_key": 0,
          "schema_version": 1,
          "attributes": {
            "arn": "arn:aws:ec2:eu-west-3:936645143561:subnet/subnet-0e74e48cc2993cf83",
            "assign_ipv6_address_on_creation": false,
            "availability_zone": "eu-west-3a",
            "availability_zone_id": "euw3-az1",
            "cidr_block": "10.9.16.0/24",
            "id": "subnet-0e74e48cc2993cf83",
            "ipv6_cidr_block": "",
            "ipv6_cidr_block_association_id": "",
            "map_public_ip_on_launch": true,
            "owner_id": "936645143561",
            "tags": {
              "AppRole": "generic_app",
              "Env": "sdx",
              "ManagedBy": "Devopsteam",
              "Name": "",
              "Owner": "Devopsteam",
              "Project": "gen"
            },
            "timeouts": null,
            "vpc_id": "vpc-0f842b3adcba79ed1"
          },
          "private": "eyJlMmJmYjczMC1lY2FhLTExZTYtOGY4OC0zNDM2M2JjN2M0YzAiOnsiY3JlYXRlIjo2MDAwMDAwMDAwMDAsImRlbGV0ZSI6MTIwMDAwMDAwMDAwMH0sInNjaGVtYV92ZXJzaW9uIjoiMSJ9",
          "dependencies": [
            "module.vpc.aws_vpc.this",
            "module.vpc.aws_vpc_ipv4_cidr_block_association.this"
          ]
        },
        {
          "index_key": 1,
          "schema_version": 1,
          "attributes": {
            "arn": "arn:aws:ec2:eu-west-3:936645143561:subnet/subnet-09cbe93ac499be901",
            "assign_ipv6_address_on_creation": false,
            "availability_zone": "eu-west-3b",
            "availability_zone_id": "euw3-az2",
            "cidr_block": "10.9.20.0/24",
            "id": "subnet-09cbe93ac499be901",
            "ipv6_cidr_block": "",
            "ipv6_cidr_block_association_id": "",
            "map_public_ip_on_launch": true,
            "owner_id": "936645143561",
            "tags": {
              "AppRole": "generic_app",
              "Env": "sdx",
              "ManagedBy": "Devopsteam",
              "Name": "",
              "Owner": "Devopsteam",
              "Project": "gen"
            },
            "timeouts": null,
            "vpc_id": "vpc-0f842b3adcba79ed1"
          },
          "private": "eyJlMmJmYjczMC1lY2FhLTExZTYtOGY4OC0zNDM2M2JjN2M0YzAiOnsiY3JlYXRlIjo2MDAwMDAwMDAwMDAsImRlbGV0ZSI6MTIwMDAwMDAwMDAwMH0sInNjaGVtYV92ZXJzaW9uIjoiMSJ9",
          "dependencies": [
            "module.vpc.aws_vpc.this",
            "module.vpc.aws_vpc_ipv4_cidr_block_association.this"
          ]
        }
      ]
    },
    {
      "module": "module.vpc",
      "mode": "managed",
      "type": "aws_subnet",
      "name": "redshift",
      "each": "list",
      "provider": "provider.aws",
      "instances": []
    },
    {
      "module": "module.vpc",
      "mode": "managed",
      "type": "aws_vpc",
      "name": "this",
      "each": "list",
      "provider": "provider.aws",
      "instances": [
        {
          "index_key": 0,
          "schema_version": 1,
          "attributes": {
            "arn": "arn:aws:ec2:eu-west-3:936645143561:vpc/vpc-0f842b3adcba79ed1",
            "assign_generated_ipv6_cidr_block": false,
            "cidr_block": "10.9.16.0/21",
            "default_network_acl_id": "acl-0a9eaa6ce70274cc6",
            "default_route_table_id": "rtb-0a13fbf6287f4066b",
            "default_security_group_id": "sg-068485a6cd80b1022",
            "dhcp_options_id": "dopt-a05b4ec9",
            "enable_classiclink": null,
            "enable_classiclink_dns_support": null,
            "enable_dns_hostnames": true,
            "enable_dns_support": true,
            "id": "vpc-0f842b3adcba79ed1",
            "instance_tenancy": "default",
            "ipv6_association_id": "",
            "ipv6_cidr_block": "",
            "main_route_table_id": "rtb-0a13fbf6287f4066b",
            "owner_id": "936645143561",
            "tags": {
              "AppRole": "generic_app",
              "Env": "sdx",
              "ManagedBy": "Devopsteam",
              "Name": "btv01-gbi-gen-sdx-ew3-vpc",
              "Owner": "Devopsteam",
              "Project": "gen"
            }
          },
          "private": "eyJzY2hlbWFfdmVyc2lvbiI6IjEifQ=="
        }
      ]
    },
    {
      "module": "module.vpc",
      "mode": "managed",
      "type": "aws_vpc_dhcp_options",
      "name": "this",
      "each": "list",
      "provider": "provider.aws",
      "instances": []
    },
    {
      "module": "module.vpc",
      "mode": "managed",
      "type": "aws_vpc_dhcp_options_association",
      "name": "this",
      "each": "list",
      "provider": "provider.aws",
      "instances": []
    },
    {
      "module": "module.vpc",
      "mode": "managed",
      "type": "aws_vpc_endpoint",
      "name": "apigw",
      "each": "list",
      "provider": "provider.aws",
      "instances": []
    },
    {
      "module": "module.vpc",
      "mode": "managed",
      "type": "aws_vpc_endpoint",
      "name": "appmesh_envoy_management",
      "each": "list",
      "provider": "provider.aws",
      "instances": []
    },
    {
      "module": "module.vpc",
      "mode": "managed",
      "type": "aws_vpc_endpoint",
      "name": "appstream",
      "each": "list",
      "provider": "provider.aws",
      "instances": []
    },
    {
      "module": "module.vpc",
      "mode": "managed",
      "type": "aws_vpc_endpoint",
      "name": "athena",
      "each": "list",
      "provider": "provider.aws",
      "instances": []
    },
    {
      "module": "module.vpc",
      "mode": "managed",
      "type": "aws_vpc_endpoint",
      "name": "cloud_directory",
      "each": "list",
      "provider": "provider.aws",
      "instances": []
    },
    {
      "module": "module.vpc",
      "mode": "managed",
      "type": "aws_vpc_endpoint",
      "name": "cloudformation",
      "each": "list",
      "provider": "provider.aws",
      "instances": []
    },
    {
      "module": "module.vpc",
      "mode": "managed",
      "type": "aws_vpc_endpoint",
      "name": "cloudtrail",
      "each": "list",
      "provider": "provider.aws",
      "instances": []
    },
    {
      "module": "module.vpc",
      "mode": "managed",
      "type": "aws_vpc_endpoint",
      "name": "codebuild",
      "each": "list",
      "provider": "provider.aws",
      "instances": []
    },
    {
      "module": "module.vpc",
      "mode": "managed",
      "type": "aws_vpc_endpoint",
      "name": "codecommit",
      "each": "list",
      "provider": "provider.aws",
      "instances": []
    },
    {
      "module": "module.vpc",
      "mode": "managed",
      "type": "aws_vpc_endpoint",
      "name": "codepipeline",
      "each": "list",
      "provider": "provider.aws",
      "instances": []
    },
    {
      "module": "module.vpc",
      "mode": "managed",
      "type": "aws_vpc_endpoint",
      "name": "config",
      "each": "list",
      "provider": "provider.aws",
      "instances": []
    },
    {
      "module": "module.vpc",
      "mode": "managed",
      "type": "aws_vpc_endpoint",
      "name": "dynamodb",
      "each": "list",
      "provider": "provider.aws",
      "instances": []
    },
    {
      "module": "module.vpc",
      "mode": "managed",
      "type": "aws_vpc_endpoint",
      "name": "ec2",
      "each": "list",
      "provider": "provider.aws",
      "instances": []
    },
    {
      "module": "module.vpc",
      "mode": "managed",
      "type": "aws_vpc_endpoint",
      "name": "ec2messages",
      "each": "list",
      "provider": "provider.aws",
      "instances": []
    },
    {
      "module": "module.vpc",
      "mode": "managed",
      "type": "aws_vpc_endpoint",
      "name": "ecr_api",
      "each": "list",
      "provider": "provider.aws",
      "instances": []
    },
    {
      "module": "module.vpc",
      "mode": "managed",
      "type": "aws_vpc_endpoint",
      "name": "ecr_dkr",
      "each": "list",
      "provider": "provider.aws",
      "instances": []
    },
    {
      "module": "module.vpc",
      "mode": "managed",
      "type": "aws_vpc_endpoint",
      "name": "ecs",
      "each": "list",
      "provider": "provider.aws",
      "instances": []
    },
    {
      "module": "module.vpc",
      "mode": "managed",
      "type": "aws_vpc_endpoint",
      "name": "ecs_agent",
      "each": "list",
      "provider": "provider.aws",
      "instances": []
    },
    {
      "module": "module.vpc",
      "mode": "managed",
      "type": "aws_vpc_endpoint",
      "name": "ecs_telemetry",
      "each": "list",
      "provider": "provider.aws",
      "instances": []
    },
    {
      "module": "module.vpc",
      "mode": "managed",
      "type": "aws_vpc_endpoint",
      "name": "efs",
      "each": "list",
      "provider": "provider.aws",
      "instances": []
    },
    {
      "module": "module.vpc",
      "mode": "managed",
      "type": "aws_vpc_endpoint",
      "name": "elasticloadbalancing",
      "each": "list",
      "provider": "provider.aws",
      "instances": []
    },
    {
      "module": "module.vpc",
      "mode": "managed",
      "type": "aws_vpc_endpoint",
      "name": "events",
      "each": "list",
      "provider": "provider.aws",
      "instances": []
    },
    {
      "module": "module.vpc",
      "mode": "managed",
      "type": "aws_vpc_endpoint",
      "name": "git_codecommit",
      "each": "list",
      "provider": "provider.aws",
      "instances": []
    },
    {
      "module": "module.vpc",
      "mode": "managed",
      "type": "aws_vpc_endpoint",
      "name": "glue",
      "each": "list",
      "provider": "provider.aws",
      "instances": []
    },
    {
      "module": "module.vpc",
      "mode": "managed",
      "type": "aws_vpc_endpoint",
      "name": "kinesis_firehose",
      "each": "list",
      "provider": "provider.aws",
      "instances": []
    },
    {
      "module": "module.vpc",
      "mode": "managed",
      "type": "aws_vpc_endpoint",
      "name": "kinesis_streams",
      "each": "list",
      "provider": "provider.aws",
      "instances": []
    },
    {
      "module": "module.vpc",
      "mode": "managed",
      "type": "aws_vpc_endpoint",
      "name": "kms",
      "each": "list",
      "provider": "provider.aws",
      "instances": []
    },
    {
      "module": "module.vpc",
      "mode": "managed",
      "type": "aws_vpc_endpoint",
      "name": "logs",
      "each": "list",
      "provider": "provider.aws",
      "instances": []
    },
    {
      "module": "module.vpc",
      "mode": "managed",
      "type": "aws_vpc_endpoint",
      "name": "monitoring",
      "each": "list",
      "provider": "provider.aws",
      "instances": []
    },
    {
      "module": "module.vpc",
      "mode": "managed",
      "type": "aws_vpc_endpoint",
      "name": "rekognition",
      "each": "list",
      "provider": "provider.aws",
      "instances": []
    },
    {
      "module": "module.vpc",
      "mode": "managed",
      "type": "aws_vpc_endpoint",
      "name": "s3",
      "each": "list",
      "provider": "provider.aws",
      "instances": []
    },
    {
      "module": "module.vpc",
      "mode": "managed",
      "type": "aws_vpc_endpoint",
      "name": "sagemaker_api",
      "each": "list",
      "provider": "provider.aws",
      "instances": []
    },
    {
      "module": "module.vpc",
      "mode": "managed",
      "type": "aws_vpc_endpoint",
      "name": "sagemaker_notebook",
      "each": "list",
      "provider": "provider.aws",
      "instances": []
    },
    {
      "module": "module.vpc",
      "mode": "managed",
      "type": "aws_vpc_endpoint",
      "name": "sagemaker_runtime",
      "each": "list",
      "provider": "provider.aws",
      "instances": []
    },
    {
      "module": "module.vpc",
      "mode": "managed",
      "type": "aws_vpc_endpoint",
      "name": "secretsmanager",
      "each": "list",
      "provider": "provider.aws",
      "instances": []
    },
    {
      "module": "module.vpc",
      "mode": "managed",
      "type": "aws_vpc_endpoint",
      "name": "servicecatalog",
      "each": "list",
      "provider": "provider.aws",
      "instances": []
    },
    {
      "module": "module.vpc",
      "mode": "managed",
      "type": "aws_vpc_endpoint",
      "name": "sns",
      "each": "list",
      "provider": "provider.aws",
      "instances": []
    },
    {
      "module": "module.vpc",
      "mode": "managed",
      "type": "aws_vpc_endpoint",
      "name": "sqs",
      "each": "list",
      "provider": "provider.aws",
      "instances": []
    },
    {
      "module": "module.vpc",
      "mode": "managed",
      "type": "aws_vpc_endpoint",
      "name": "ssm",
      "each": "list",
      "provider": "provider.aws",
      "instances": []
    },
    {
      "module": "module.vpc",
      "mode": "managed",
      "type": "aws_vpc_endpoint",
      "name": "ssmmessages",
      "each": "list",
      "provider": "provider.aws",
      "instances": []
    },
    {
      "module": "module.vpc",
      "mode": "managed",
      "type": "aws_vpc_endpoint",
      "name": "storagegateway",
      "each": "list",
      "provider": "provider.aws",
      "instances": []
    },
    {
      "module": "module.vpc",
      "mode": "managed",
      "type": "aws_vpc_endpoint",
      "name": "sts",
      "each": "list",
      "provider": "provider.aws",
      "instances": []
    },
    {
      "module": "module.vpc",
      "mode": "managed",
      "type": "aws_vpc_endpoint",
      "name": "transfer",
      "each": "list",
      "provider": "provider.aws",
      "instances": []
    },
    {
      "module": "module.vpc",
      "mode": "managed",
      "type": "aws_vpc_endpoint",
      "name": "transferserver",
      "each": "list",
      "provider": "provider.aws",
      "instances": []
    },
    {
      "module": "module.vpc",
      "mode": "managed",
      "type": "aws_vpc_endpoint_route_table_association",
      "name": "intra_dynamodb",
      "each": "list",
      "provider": "provider.aws",
      "instances": []
    },
    {
      "module": "module.vpc",
      "mode": "managed",
      "type": "aws_vpc_endpoint_route_table_association",
      "name": "intra_s3",
      "each": "list",
      "provider": "provider.aws",
      "instances": []
    },
    {
      "module": "module.vpc",
      "mode": "managed",
      "type": "aws_vpc_endpoint_route_table_association",
      "name": "private_dynamodb",
      "each": "list",
      "provider": "provider.aws",
      "instances": []
    },
    {
      "module": "module.vpc",
      "mode": "managed",
      "type": "aws_vpc_endpoint_route_table_association",
      "name": "private_s3",
      "each": "list",
      "provider": "provider.aws",
      "instances": []
    },
    {
      "module": "module.vpc",
      "mode": "managed",
      "type": "aws_vpc_endpoint_route_table_association",
      "name": "public_dynamodb",
      "each": "list",
      "provider": "provider.aws",
      "instances": []
    },
    {
      "module": "module.vpc",
      "mode": "managed",
      "type": "aws_vpc_endpoint_route_table_association",
      "name": "public_s3",
      "each": "list",
      "provider": "provider.aws",
      "instances": []
    },
    {
      "module": "module.vpc",
      "mode": "managed",
      "type": "aws_vpc_ipv4_cidr_block_association",
      "name": "this",
      "each": "list",
      "provider": "provider.aws",
      "instances": []
    },
    {
      "module": "module.vpc",
      "mode": "managed",
      "type": "aws_vpn_gateway",
      "name": "this",
      "each": "list",
      "provider": "provider.aws",
      "instances": []
    },
    {
      "module": "module.vpc",
      "mode": "managed",
      "type": "aws_vpn_gateway_attachment",
      "name": "this",
      "each": "list",
      "provider": "provider.aws",
      "instances": []
    },
    {
      "module": "module.vpc",
      "mode": "managed",
      "type": "aws_vpn_gateway_route_propagation",
      "name": "intra",
      "each": "list",
      "provider": "provider.aws",
      "instances": []
    },
    {
      "module": "module.vpc",
      "mode": "managed",
      "type": "aws_vpn_gateway_route_propagation",
      "name": "private",
      "each": "list",
      "provider": "provider.aws",
      "instances": []
    },
    {
      "module": "module.vpc",
      "mode": "managed",
      "type": "aws_vpn_gateway_route_propagation",
      "name": "public",
      "each": "list",
      "provider": "provider.aws",
      "instances": []
    }
  ]
}
